
Microsoft Visual Studio Solution File, Format Version 11.00
# Visual Studio 2010
Project("{F184B08F-C81C-45F6-A57F-5ABD9991F28F}") = "HDDT", "HDDT\HDDT.vbproj", "{6A3F8855-6AD9-4B2E-B358-1A1DF29850BD}"
EndProject
Project("{F184B08F-C81C-45F6-A57F-5ABD9991F28F}") = "ACCESS_OBJECT", "ACCESS_OBJECT\ACCESS_OBJECT.vbproj", "{20A0E9B3-A1E6-44C2-A489-6EDE53CF2A4C}"
EndProject
Project("{F184B08F-C81C-45F6-A57F-5ABD9991F28F}") = "ALL_Report", "ALL_Report\ALL_Report.vbproj", "{9CBAA7B1-DBF8-47EB-967D-B49BF8F4858A}"
EndProject
Project("{F184B08F-C81C-45F6-A57F-5ABD9991F28F}") = "FOX_OBJECT", "FOX_OBJECT\FOX_OBJECT.vbproj", "{A9209CC4-4FDE-413A-B206-2DF801C6E74D}"
EndProject
Project("{F184B08F-C81C-45F6-A57F-5ABD9991F28F}") = "U_CusForm", "U_CusForm\U_CusForm.vbproj", "{792A24F6-4CCB-4D6E-952D-2DC7F418C32B}"
EndProject
Project("{F184B08F-C81C-45F6-A57F-5ABD9991F28F}") = "U_Control", "U_TextBox\U_Control.vbproj", "{FE498378-41D3-4A44-A25D-E8D67A04C6C8}"
EndProject
Project("{F184B08F-C81C-45F6-A57F-5ABD9991F28F}") = "FPTBUSSINESS", "FPTBUSSINESS\FPTBUSSINESS.vbproj", "{AC0457FB-E6D5-47B0-A817-6A95079A5D7D}"
EndProject
Project("{F184B08F-C81C-45F6-A57F-5ABD9991F28F}") = "HTTG", "FPTiRetail\HTTG.vbproj", "{A1A3640D-9CF8-437F-8455-E6B9933C2C70}"
EndProject
Project("{F184B08F-C81C-45F6-A57F-5ABD9991F28F}") = "FPTLISTS", "FPTLISTS\FPTLISTS.vbproj", "{9E63015D-4AF9-4DC8-9C7A-C3C370F87918}"
EndProject
Project("{F184B08F-C81C-45F6-A57F-5ABD9991F28F}") = "FPTMain", "FPTMain\FPTMain.vbproj", "{5F9671F0-9009-4198-BCEA-B7194A19990E}"
EndProject
Project("{F184B08F-C81C-45F6-A57F-5ABD9991F28F}") = "FPTModule", "FPTModule\FPTModule.vbproj", "{9AD65902-417A-4B71-95D8-09050A7EF487}"
EndProject
Project("{F184B08F-C81C-45F6-A57F-5ABD9991F28F}") = "FPTSO", "FPTSO\FPTSO.vbproj", "{E0417D37-3BA7-4A43-8D83-7DEC88C4DAEB}"
EndProject
Project("{F184B08F-C81C-45F6-A57F-5ABD9991F28F}") = "SynMaster", "SynMaster\SynMaster.vbproj", "{AA7F7BE7-92E5-4317-B4A7-B76A3A894EB1}"
EndProject
Project("{F184B08F-C81C-45F6-A57F-5ABD9991F28F}") = "SAP_OBJECT", "SAP_OBJECT\SAP_OBJECT.vbproj", "{0343852E-D57D-45CE-AEE6-E8A3393A90B8}"
EndProject
Project("{F184B08F-C81C-45F6-A57F-5ABD9991F28F}") = "ReportSetup", "ReportSetup\ReportSetup.vbproj", "{07306190-3C38-40AF-913F-8B5F99C51AB1}"
EndProject
Project("{F184B08F-C81C-45F6-A57F-5ABD9991F28F}") = "K1410", "K1410\K1410.vbproj", "{3810D1BC-E053-4A50-A2D1-B7466AC7B5EA}"
EndProject
Project("{F184B08F-C81C-45F6-A57F-5ABD9991F28F}") = "QB_Report", "QB_Report\QB_Report.vbproj", "{FDE93AF0-7490-40D5-AB37-7521390850F9}"
EndProject
Project("{F184B08F-C81C-45F6-A57F-5ABD9991F28F}") = "MnuSystem", "MnuClass\MnuSystem.vbproj", "{DE6EC2DF-3BD1-4D33-AEDC-C719E6D845DE}"
EndProject
Project("{F184B08F-C81C-45F6-A57F-5ABD9991F28F}") = "LibCustom", "LibCustom\LibCustom.vbproj", "{ADB9D4C1-CC73-4208-B40B-0F0EBF9B9D29}"
EndProject
Project("{F184B08F-C81C-45F6-A57F-5ABD9991F28F}") = "KV_2_Report", "KV2_Report\KV_2_Report.vbproj", "{B6C0AD72-396B-4B82-96EC-7C77453F14D3}"
EndProject
Project("{F184B08F-C81C-45F6-A57F-5ABD9991F28F}") = "KV1_Report", "KV1_Report\KV1_Report.vbproj", "{5A1CD571-9ECF-4B2C-9733-1A76D4241842}"
EndProject
Project("{F184B08F-C81C-45F6-A57F-5ABD9991F28F}") = "K1910", "K1910\K1910.vbproj", "{9C3897E5-55B0-4DDA-985B-6F024E415E54}"
EndProject
Project("{F184B08F-C81C-45F6-A57F-5ABD9991F28F}") = "K2010", "K2010\K2010.vbproj", "{CDB39C74-AA00-4466-A718-FE873DD315AA}"
EndProject
Project("{F184B08F-C81C-45F6-A57F-5ABD9991F28F}") = "K2210", "K2210\K2210.vbproj", "{6D6C5DAC-CA68-48FF-B8F3-2664D29C8D18}"
EndProject
Project("{F184B08F-C81C-45F6-A57F-5ABD9991F28F}") = "K2310", "K2310\K2310.vbproj", "{16DD14E1-B1A7-4839-93DB-1D9B602AD000}"
EndProject
Project("{F184B08F-C81C-45F6-A57F-5ABD9991F28F}") = "K2510", "K2510\K2510.vbproj", "{DDE9253B-503A-4D43-A07F-8B5E82674366}"
EndProject
Project("{F184B08F-C81C-45F6-A57F-5ABD9991F28F}") = "K2520", "K2520\K2520.vbproj", "{F932D09F-8BEB-4EFF-94F3-928DA747C1E4}"
EndProject
Project("{F184B08F-C81C-45F6-A57F-5ABD9991F28F}") = "K2610", "K2610\K2610.vbproj", "{553613A6-F116-483B-8ED0-6727895868B8}"
EndProject
Project("{F184B08F-C81C-45F6-A57F-5ABD9991F28F}") = "K2810", "K2810\K2810.vbproj", "{71EAA560-EAB8-4EC3-BE77-EBE1B874FE72}"
EndProject
Project("{F184B08F-C81C-45F6-A57F-5ABD9991F28F}") = "K4110", "K4110\K4110.vbproj", "{92DE60B6-DE6D-4978-9689-E56BE82A9A05}"
EndProject
Project("{F184B08F-C81C-45F6-A57F-5ABD9991F28F}") = "K4510", "K4510\K4510.vbproj", "{46561E9D-570E-4195-82A4-57D0BEADE36D}"
EndProject
Project("{F184B08F-C81C-45F6-A57F-5ABD9991F28F}") = "K4810", "K4810\K4810.vbproj", "{498B97E8-F41B-431B-A3C6-C3992D6F80D7}"
EndProject
Project("{F184B08F-C81C-45F6-A57F-5ABD9991F28F}") = "K6410", "K6410\K6410.vbproj", "{4EE34F1E-7845-4E04-9A0B-05F77BF161F1}"
EndProject
Project("{F184B08F-C81C-45F6-A57F-5ABD9991F28F}") = "K7310", "K7310\K7310.vbproj", "{9684200D-E926-4030-961B-B3DD95C8C1D0}"
EndProject
Project("{54435603-DBB4-11D2-8724-00A0C9A8B90C}") = "Setup_HTTG_New", "Setup_HTTG_New\Setup_HTTG_New.vdproj", "{3E3E937E-1033-46FB-AE7E-8D6F132900A2}"
EndProject
Project("{F184B08F-C81C-45F6-A57F-5ABD9991F28F}") = "SMOInterface", "SMOInterface\WindowsApplication1\SMOInterface.vbproj", "{0CC171BA-E0D1-4161-B9D2-753BECCFE68E}"
EndProject
Project("{F184B08F-C81C-45F6-A57F-5ABD9991F28F}") = "K7410", "K7410\K7410.vbproj", "{298A1DE8-5543-4483-80C0-210C689D84BC}"
EndProject
Project("{F184B08F-C81C-45F6-A57F-5ABD9991F28F}") = "SOAP_API", "SOAP_API\SOAP_API.vbproj", "{D1C25141-2BFC-4609-97C1-A1C15AE30A38}"
EndProject
Project("{F184B08F-C81C-45F6-A57F-5ABD9991F28F}") = "HTTG_COMMON", "HTTG_COMMON\HTTG_COMMON.vbproj", "{B211E001-842A-4974-9D96-8B646C0BEE9B}"
EndProject
Project("{F184B08F-C81C-45F6-A57F-5ABD9991F28F}") = "K3610", "K3610\K3610.vbproj", "{15324437-37A0-4FF0-B324-7D24C45AE5E6}"
EndProject
Project("{F184B08F-C81C-45F6-A57F-5ABD9991F28F}") = "ECCDestination", "ECCDestination\ECCDestination.vbproj", "{0A9C7BC6-F572-43A1-84A8-FCEA5C4D3E77}"
EndProject
Project("{F184B08F-C81C-45F6-A57F-5ABD9991F28F}") = "ECCDestination_API", "ECCDestination_API\ECCDestination_API.vbproj", "{B73D647B-486E-477C-A06A-9834EDA08BD2}"
EndProject
Project("{F184B08F-C81C-45F6-A57F-5ABD9991F28F}") = "THN_SAP_OBJECT", "THN_SAP_OBJECT\THN_SAP_OBJECT.vbproj", "{F4F3A30E-4A20-4A05-8FFF-A89BF82772AC}"
EndProject
Global
	GlobalSection(SolutionConfigurationPlatforms) = preSolution
		Debug|Any CPU = Debug|Any CPU
		Debug|Itanium = Debug|Itanium
		Debug|Mixed Platforms = Debug|Mixed Platforms
		Debug|x64 = Debug|x64
		Debug|x86 = Debug|x86
		Release|Any CPU = Release|Any CPU
		Release|Itanium = Release|Itanium
		Release|Mixed Platforms = Release|Mixed Platforms
		Release|x64 = Release|x64
		Release|x86 = Release|x86
	EndGlobalSection
	GlobalSection(ProjectConfigurationPlatforms) = postSolution
		{6A3F8855-6AD9-4B2E-B358-1A1DF29850BD}.Debug|Any CPU.ActiveCfg = Debug|Any CPU
		{6A3F8855-6AD9-4B2E-B358-1A1DF29850BD}.Debug|Any CPU.Build.0 = Debug|Any CPU
		{6A3F8855-6AD9-4B2E-B358-1A1DF29850BD}.Debug|Itanium.ActiveCfg = Debug|Any CPU
		{6A3F8855-6AD9-4B2E-B358-1A1DF29850BD}.Debug|Mixed Platforms.ActiveCfg = Debug|Any CPU
		{6A3F8855-6AD9-4B2E-B358-1A1DF29850BD}.Debug|Mixed Platforms.Build.0 = Debug|Any CPU
		{6A3F8855-6AD9-4B2E-B358-1A1DF29850BD}.Debug|x64.ActiveCfg = Debug|Any CPU
		{6A3F8855-6AD9-4B2E-B358-1A1DF29850BD}.Debug|x86.ActiveCfg = Debug|x86
		{6A3F8855-6AD9-4B2E-B358-1A1DF29850BD}.Debug|x86.Build.0 = Debug|x86
		{6A3F8855-6AD9-4B2E-B358-1A1DF29850BD}.Release|Any CPU.ActiveCfg = Release|Any CPU
		{6A3F8855-6AD9-4B2E-B358-1A1DF29850BD}.Release|Any CPU.Build.0 = Release|Any CPU
		{6A3F8855-6AD9-4B2E-B358-1A1DF29850BD}.Release|Itanium.ActiveCfg = Release|Any CPU
		{6A3F8855-6AD9-4B2E-B358-1A1DF29850BD}.Release|Mixed Platforms.ActiveCfg = Release|Any CPU
		{6A3F8855-6AD9-4B2E-B358-1A1DF29850BD}.Release|Mixed Platforms.Build.0 = Release|Any CPU
		{6A3F8855-6AD9-4B2E-B358-1A1DF29850BD}.Release|x64.ActiveCfg = Release|x86
		{6A3F8855-6AD9-4B2E-B358-1A1DF29850BD}.Release|x86.ActiveCfg = Release|Any CPU
		{20A0E9B3-A1E6-44C2-A489-6EDE53CF2A4C}.Debug|Any CPU.ActiveCfg = Debug|Any CPU
		{20A0E9B3-A1E6-44C2-A489-6EDE53CF2A4C}.Debug|Any CPU.Build.0 = Debug|Any CPU
		{20A0E9B3-A1E6-44C2-A489-6EDE53CF2A4C}.Debug|Itanium.ActiveCfg = Debug|x86
		{20A0E9B3-A1E6-44C2-A489-6EDE53CF2A4C}.Debug|Mixed Platforms.ActiveCfg = Debug|x86
		{20A0E9B3-A1E6-44C2-A489-6EDE53CF2A4C}.Debug|Mixed Platforms.Build.0 = Debug|x86
		{20A0E9B3-A1E6-44C2-A489-6EDE53CF2A4C}.Debug|x64.ActiveCfg = Debug|x86
		{20A0E9B3-A1E6-44C2-A489-6EDE53CF2A4C}.Debug|x86.ActiveCfg = Debug|x86
		{20A0E9B3-A1E6-44C2-A489-6EDE53CF2A4C}.Release|Any CPU.ActiveCfg = Release|Any CPU
		{20A0E9B3-A1E6-44C2-A489-6EDE53CF2A4C}.Release|Any CPU.Build.0 = Release|Any CPU
		{20A0E9B3-A1E6-44C2-A489-6EDE53CF2A4C}.Release|Itanium.ActiveCfg = Release|x86
		{20A0E9B3-A1E6-44C2-A489-6EDE53CF2A4C}.Release|Mixed Platforms.ActiveCfg = Release|x86
		{20A0E9B3-A1E6-44C2-A489-6EDE53CF2A4C}.Release|Mixed Platforms.Build.0 = Release|x86
		{20A0E9B3-A1E6-44C2-A489-6EDE53CF2A4C}.Release|x64.ActiveCfg = Release|x86
		{20A0E9B3-A1E6-44C2-A489-6EDE53CF2A4C}.Release|x86.ActiveCfg = Release|x86
		{20A0E9B3-A1E6-44C2-A489-6EDE53CF2A4C}.Release|x86.Build.0 = Release|x86
		{9CBAA7B1-DBF8-47EB-967D-B49BF8F4858A}.Debug|Any CPU.ActiveCfg = Debug|Any CPU
		{9CBAA7B1-DBF8-47EB-967D-B49BF8F4858A}.Debug|Any CPU.Build.0 = Debug|Any CPU
		{9CBAA7B1-DBF8-47EB-967D-B49BF8F4858A}.Debug|Itanium.ActiveCfg = Debug|Itanium
		{9CBAA7B1-DBF8-47EB-967D-B49BF8F4858A}.Debug|Itanium.Build.0 = Debug|Itanium
		{9CBAA7B1-DBF8-47EB-967D-B49BF8F4858A}.Debug|Mixed Platforms.ActiveCfg = Debug|Itanium
		{9CBAA7B1-DBF8-47EB-967D-B49BF8F4858A}.Debug|Mixed Platforms.Build.0 = Debug|Itanium
		{9CBAA7B1-DBF8-47EB-967D-B49BF8F4858A}.Debug|x64.ActiveCfg = Debug|x86
		{9CBAA7B1-DBF8-47EB-967D-B49BF8F4858A}.Debug|x86.ActiveCfg = Debug|x86
		{9CBAA7B1-DBF8-47EB-967D-B49BF8F4858A}.Debug|x86.Build.0 = Debug|x86
		{9CBAA7B1-DBF8-47EB-967D-B49BF8F4858A}.Release|Any CPU.ActiveCfg = Release|Any CPU
		{9CBAA7B1-DBF8-47EB-967D-B49BF8F4858A}.Release|Any CPU.Build.0 = Release|Any CPU
		{9CBAA7B1-DBF8-47EB-967D-B49BF8F4858A}.Release|Itanium.ActiveCfg = Release|Itanium
		{9CBAA7B1-DBF8-47EB-967D-B49BF8F4858A}.Release|Itanium.Build.0 = Release|Itanium
		{9CBAA7B1-DBF8-47EB-967D-B49BF8F4858A}.Release|Mixed Platforms.ActiveCfg = Release|Itanium
		{9CBAA7B1-DBF8-47EB-967D-B49BF8F4858A}.Release|Mixed Platforms.Build.0 = Release|Itanium
		{9CBAA7B1-DBF8-47EB-967D-B49BF8F4858A}.Release|x64.ActiveCfg = Release|x86
		{9CBAA7B1-DBF8-47EB-967D-B49BF8F4858A}.Release|x86.ActiveCfg = Release|x86
		{9CBAA7B1-DBF8-47EB-967D-B49BF8F4858A}.Release|x86.Build.0 = Release|x86
		{A9209CC4-4FDE-413A-B206-2DF801C6E74D}.Debug|Any CPU.ActiveCfg = Debug|Any CPU
		{A9209CC4-4FDE-413A-B206-2DF801C6E74D}.Debug|Any CPU.Build.0 = Debug|Any CPU
		{A9209CC4-4FDE-413A-B206-2DF801C6E74D}.Debug|Itanium.ActiveCfg = Debug|x86
		{A9209CC4-4FDE-413A-B206-2DF801C6E74D}.Debug|Mixed Platforms.ActiveCfg = Debug|x86
		{A9209CC4-4FDE-413A-B206-2DF801C6E74D}.Debug|Mixed Platforms.Build.0 = Debug|x86
		{A9209CC4-4FDE-413A-B206-2DF801C6E74D}.Debug|x64.ActiveCfg = Debug|x86
		{A9209CC4-4FDE-413A-B206-2DF801C6E74D}.Debug|x86.ActiveCfg = Debug|x86
		{A9209CC4-4FDE-413A-B206-2DF801C6E74D}.Release|Any CPU.ActiveCfg = Release|Any CPU
		{A9209CC4-4FDE-413A-B206-2DF801C6E74D}.Release|Any CPU.Build.0 = Release|Any CPU
		{A9209CC4-4FDE-413A-B206-2DF801C6E74D}.Release|Itanium.ActiveCfg = Release|x86
		{A9209CC4-4FDE-413A-B206-2DF801C6E74D}.Release|Mixed Platforms.ActiveCfg = Release|x86
		{A9209CC4-4FDE-413A-B206-2DF801C6E74D}.Release|Mixed Platforms.Build.0 = Release|x86
		{A9209CC4-4FDE-413A-B206-2DF801C6E74D}.Release|x64.ActiveCfg = Release|x86
		{A9209CC4-4FDE-413A-B206-2DF801C6E74D}.Release|x86.ActiveCfg = Release|x86
		{A9209CC4-4FDE-413A-B206-2DF801C6E74D}.Release|x86.Build.0 = Release|x86
		{792A24F6-4CCB-4D6E-952D-2DC7F418C32B}.Debug|Any CPU.ActiveCfg = Debug|Any CPU
		{792A24F6-4CCB-4D6E-952D-2DC7F418C32B}.Debug|Any CPU.Build.0 = Debug|Any CPU
		{792A24F6-4CCB-4D6E-952D-2DC7F418C32B}.Debug|Itanium.ActiveCfg = Debug|Itanium
		{792A24F6-4CCB-4D6E-952D-2DC7F418C32B}.Debug|Itanium.Build.0 = Debug|Itanium
		{792A24F6-4CCB-4D6E-952D-2DC7F418C32B}.Debug|Mixed Platforms.ActiveCfg = Debug|Itanium
		{792A24F6-4CCB-4D6E-952D-2DC7F418C32B}.Debug|Mixed Platforms.Build.0 = Debug|Itanium
		{792A24F6-4CCB-4D6E-952D-2DC7F418C32B}.Debug|x64.ActiveCfg = Debug|x86
		{792A24F6-4CCB-4D6E-952D-2DC7F418C32B}.Debug|x86.ActiveCfg = Debug|x86
		{792A24F6-4CCB-4D6E-952D-2DC7F418C32B}.Debug|x86.Build.0 = Debug|x86
		{792A24F6-4CCB-4D6E-952D-2DC7F418C32B}.Release|Any CPU.ActiveCfg = Release|Any CPU
		{792A24F6-4CCB-4D6E-952D-2DC7F418C32B}.Release|Any CPU.Build.0 = Release|Any CPU
		{792A24F6-4CCB-4D6E-952D-2DC7F418C32B}.Release|Itanium.ActiveCfg = Release|Itanium
		{792A24F6-4CCB-4D6E-952D-2DC7F418C32B}.Release|Itanium.Build.0 = Release|Itanium
		{792A24F6-4CCB-4D6E-952D-2DC7F418C32B}.Release|Mixed Platforms.ActiveCfg = Release|Itanium
		{792A24F6-4CCB-4D6E-952D-2DC7F418C32B}.Release|Mixed Platforms.Build.0 = Release|Itanium
		{792A24F6-4CCB-4D6E-952D-2DC7F418C32B}.Release|x64.ActiveCfg = Release|x86
		{792A24F6-4CCB-4D6E-952D-2DC7F418C32B}.Release|x86.ActiveCfg = Release|x86
		{792A24F6-4CCB-4D6E-952D-2DC7F418C32B}.Release|x86.Build.0 = Release|x86
		{FE498378-41D3-4A44-A25D-E8D67A04C6C8}.Debug|Any CPU.ActiveCfg = Debug|Any CPU
		{FE498378-41D3-4A44-A25D-E8D67A04C6C8}.Debug|Any CPU.Build.0 = Debug|Any CPU
		{FE498378-41D3-4A44-A25D-E8D67A04C6C8}.Debug|Itanium.ActiveCfg = Debug|Itanium
		{FE498378-41D3-4A44-A25D-E8D67A04C6C8}.Debug|Itanium.Build.0 = Debug|Itanium
		{FE498378-41D3-4A44-A25D-E8D67A04C6C8}.Debug|Mixed Platforms.ActiveCfg = Debug|Itanium
		{FE498378-41D3-4A44-A25D-E8D67A04C6C8}.Debug|Mixed Platforms.Build.0 = Debug|Itanium
		{FE498378-41D3-4A44-A25D-E8D67A04C6C8}.Debug|x64.ActiveCfg = Debug|x86
		{FE498378-41D3-4A44-A25D-E8D67A04C6C8}.Debug|x86.ActiveCfg = Debug|x86
		{FE498378-41D3-4A44-A25D-E8D67A04C6C8}.Debug|x86.Build.0 = Debug|x86
		{FE498378-41D3-4A44-A25D-E8D67A04C6C8}.Release|Any CPU.ActiveCfg = Release|Any CPU
		{FE498378-41D3-4A44-A25D-E8D67A04C6C8}.Release|Any CPU.Build.0 = Release|Any CPU
		{FE498378-41D3-4A44-A25D-E8D67A04C6C8}.Release|Itanium.ActiveCfg = Release|Itanium
		{FE498378-41D3-4A44-A25D-E8D67A04C6C8}.Release|Itanium.Build.0 = Release|Itanium
		{FE498378-41D3-4A44-A25D-E8D67A04C6C8}.Release|Mixed Platforms.ActiveCfg = Release|Itanium
		{FE498378-41D3-4A44-A25D-E8D67A04C6C8}.Release|Mixed Platforms.Build.0 = Release|Itanium
		{FE498378-41D3-4A44-A25D-E8D67A04C6C8}.Release|x64.ActiveCfg = Release|x86
		{FE498378-41D3-4A44-A25D-E8D67A04C6C8}.Release|x86.ActiveCfg = Release|x86
		{FE498378-41D3-4A44-A25D-E8D67A04C6C8}.Release|x86.Build.0 = Release|x86
		{AC0457FB-E6D5-47B0-A817-6A95079A5D7D}.Debug|Any CPU.ActiveCfg = Debug|Any CPU
		{AC0457FB-E6D5-47B0-A817-6A95079A5D7D}.Debug|Any CPU.Build.0 = Debug|Any CPU
		{AC0457FB-E6D5-47B0-A817-6A95079A5D7D}.Debug|Itanium.ActiveCfg = Debug|Itanium
		{AC0457FB-E6D5-47B0-A817-6A95079A5D7D}.Debug|Itanium.Build.0 = Debug|Itanium
		{AC0457FB-E6D5-47B0-A817-6A95079A5D7D}.Debug|Mixed Platforms.ActiveCfg = Debug|Itanium
		{AC0457FB-E6D5-47B0-A817-6A95079A5D7D}.Debug|Mixed Platforms.Build.0 = Debug|Itanium
		{AC0457FB-E6D5-47B0-A817-6A95079A5D7D}.Debug|x64.ActiveCfg = Debug|x86
		{AC0457FB-E6D5-47B0-A817-6A95079A5D7D}.Debug|x86.ActiveCfg = Debug|x86
		{AC0457FB-E6D5-47B0-A817-6A95079A5D7D}.Release|Any CPU.ActiveCfg = Release|Any CPU
		{AC0457FB-E6D5-47B0-A817-6A95079A5D7D}.Release|Any CPU.Build.0 = Release|Any CPU
		{AC0457FB-E6D5-47B0-A817-6A95079A5D7D}.Release|Itanium.ActiveCfg = Release|Itanium
		{AC0457FB-E6D5-47B0-A817-6A95079A5D7D}.Release|Itanium.Build.0 = Release|Itanium
		{AC0457FB-E6D5-47B0-A817-6A95079A5D7D}.Release|Mixed Platforms.ActiveCfg = Release|Itanium
		{AC0457FB-E6D5-47B0-A817-6A95079A5D7D}.Release|Mixed Platforms.Build.0 = Release|Itanium
		{AC0457FB-E6D5-47B0-A817-6A95079A5D7D}.Release|x64.ActiveCfg = Release|x86
		{AC0457FB-E6D5-47B0-A817-6A95079A5D7D}.Release|x86.ActiveCfg = Release|x86
		{AC0457FB-E6D5-47B0-A817-6A95079A5D7D}.Release|x86.Build.0 = Release|x86
		{A1A3640D-9CF8-437F-8455-E6B9933C2C70}.Debug|Any CPU.ActiveCfg = Debug|Any CPU
		{A1A3640D-9CF8-437F-8455-E6B9933C2C70}.Debug|Any CPU.Build.0 = Debug|Any CPU
		{A1A3640D-9CF8-437F-8455-E6B9933C2C70}.Debug|Itanium.ActiveCfg = Debug|Itanium
		{A1A3640D-9CF8-437F-8455-E6B9933C2C70}.Debug|Itanium.Build.0 = Debug|Itanium
		{A1A3640D-9CF8-437F-8455-E6B9933C2C70}.Debug|Mixed Platforms.ActiveCfg = Debug|Itanium
		{A1A3640D-9CF8-437F-8455-E6B9933C2C70}.Debug|Mixed Platforms.Build.0 = Debug|Itanium
		{A1A3640D-9CF8-437F-8455-E6B9933C2C70}.Debug|x64.ActiveCfg = Debug|x86
		{A1A3640D-9CF8-437F-8455-E6B9933C2C70}.Debug|x86.ActiveCfg = Debug|x86
		{A1A3640D-9CF8-437F-8455-E6B9933C2C70}.Debug|x86.Build.0 = Debug|x86
		{A1A3640D-9CF8-437F-8455-E6B9933C2C70}.Release|Any CPU.ActiveCfg = Release|Any CPU
		{A1A3640D-9CF8-437F-8455-E6B9933C2C70}.Release|Any CPU.Build.0 = Release|Any CPU
		{A1A3640D-9CF8-437F-8455-E6B9933C2C70}.Release|Itanium.ActiveCfg = Release|Itanium
		{A1A3640D-9CF8-437F-8455-E6B9933C2C70}.Release|Itanium.Build.0 = Release|Itanium
		{A1A3640D-9CF8-437F-8455-E6B9933C2C70}.Release|Mixed Platforms.ActiveCfg = Release|Itanium
		{A1A3640D-9CF8-437F-8455-E6B9933C2C70}.Release|Mixed Platforms.Build.0 = Release|Itanium
		{A1A3640D-9CF8-437F-8455-E6B9933C2C70}.Release|x64.ActiveCfg = Release|x86
		{A1A3640D-9CF8-437F-8455-E6B9933C2C70}.Release|x86.ActiveCfg = Release|x86
		{A1A3640D-9CF8-437F-8455-E6B9933C2C70}.Release|x86.Build.0 = Release|x86
		{9E63015D-4AF9-4DC8-9C7A-C3C370F87918}.Debug|Any CPU.ActiveCfg = Debug|Any CPU
		{9E63015D-4AF9-4DC8-9C7A-C3C370F87918}.Debug|Any CPU.Build.0 = Debug|Any CPU
		{9E63015D-4AF9-4DC8-9C7A-C3C370F87918}.Debug|Itanium.ActiveCfg = Debug|Itanium
		{9E63015D-4AF9-4DC8-9C7A-C3C370F87918}.Debug|Itanium.Build.0 = Debug|Itanium
		{9E63015D-4AF9-4DC8-9C7A-C3C370F87918}.Debug|Mixed Platforms.ActiveCfg = Debug|Itanium
		{9E63015D-4AF9-4DC8-9C7A-C3C370F87918}.Debug|Mixed Platforms.Build.0 = Debug|Itanium
		{9E63015D-4AF9-4DC8-9C7A-C3C370F87918}.Debug|x64.ActiveCfg = Debug|x86
		{9E63015D-4AF9-4DC8-9C7A-C3C370F87918}.Debug|x86.ActiveCfg = Debug|x86
		{9E63015D-4AF9-4DC8-9C7A-C3C370F87918}.Debug|x86.Build.0 = Debug|x86
		{9E63015D-4AF9-4DC8-9C7A-C3C370F87918}.Release|Any CPU.ActiveCfg = Release|Any CPU
		{9E63015D-4AF9-4DC8-9C7A-C3C370F87918}.Release|Any CPU.Build.0 = Release|Any CPU
		{9E63015D-4AF9-4DC8-9C7A-C3C370F87918}.Release|Itanium.ActiveCfg = Release|Itanium
		{9E63015D-4AF9-4DC8-9C7A-C3C370F87918}.Release|Itanium.Build.0 = Release|Itanium
		{9E63015D-4AF9-4DC8-9C7A-C3C370F87918}.Release|Mixed Platforms.ActiveCfg = Release|Itanium
		{9E63015D-4AF9-4DC8-9C7A-C3C370F87918}.Release|Mixed Platforms.Build.0 = Release|Itanium
		{9E63015D-4AF9-4DC8-9C7A-C3C370F87918}.Release|x64.ActiveCfg = Release|x86
		{9E63015D-4AF9-4DC8-9C7A-C3C370F87918}.Release|x86.ActiveCfg = Release|x86
		{9E63015D-4AF9-4DC8-9C7A-C3C370F87918}.Release|x86.Build.0 = Release|x86
		{5F9671F0-9009-4198-BCEA-B7194A19990E}.Debug|Any CPU.ActiveCfg = Debug|Any CPU
		{5F9671F0-9009-4198-BCEA-B7194A19990E}.Debug|Any CPU.Build.0 = Debug|Any CPU
		{5F9671F0-9009-4198-BCEA-B7194A19990E}.Debug|Itanium.ActiveCfg = Debug|Itanium
		{5F9671F0-9009-4198-BCEA-B7194A19990E}.Debug|Itanium.Build.0 = Debug|Itanium
		{5F9671F0-9009-4198-BCEA-B7194A19990E}.Debug|Mixed Platforms.ActiveCfg = Debug|Itanium
		{5F9671F0-9009-4198-BCEA-B7194A19990E}.Debug|Mixed Platforms.Build.0 = Debug|Itanium
		{5F9671F0-9009-4198-BCEA-B7194A19990E}.Debug|x64.ActiveCfg = Debug|x86
		{5F9671F0-9009-4198-BCEA-B7194A19990E}.Debug|x86.ActiveCfg = Debug|x86
		{5F9671F0-9009-4198-BCEA-B7194A19990E}.Debug|x86.Build.0 = Debug|x86
		{5F9671F0-9009-4198-BCEA-B7194A19990E}.Release|Any CPU.ActiveCfg = Release|Any CPU
		{5F9671F0-9009-4198-BCEA-B7194A19990E}.Release|Any CPU.Build.0 = Release|Any CPU
		{5F9671F0-9009-4198-BCEA-B7194A19990E}.Release|Itanium.ActiveCfg = Release|Itanium
		{5F9671F0-9009-4198-BCEA-B7194A19990E}.Release|Itanium.Build.0 = Release|Itanium
		{5F9671F0-9009-4198-BCEA-B7194A19990E}.Release|Mixed Platforms.ActiveCfg = Release|Itanium
		{5F9671F0-9009-4198-BCEA-B7194A19990E}.Release|Mixed Platforms.Build.0 = Release|Itanium
		{5F9671F0-9009-4198-BCEA-B7194A19990E}.Release|x64.ActiveCfg = Release|x86
		{5F9671F0-9009-4198-BCEA-B7194A19990E}.Release|x86.ActiveCfg = Release|x86
		{5F9671F0-9009-4198-BCEA-B7194A19990E}.Release|x86.Build.0 = Release|x86
		{9AD65902-417A-4B71-95D8-09050A7EF487}.Debug|Any CPU.ActiveCfg = Debug|Any CPU
		{9AD65902-417A-4B71-95D8-09050A7EF487}.Debug|Any CPU.Build.0 = Debug|Any CPU
		{9AD65902-417A-4B71-95D8-09050A7EF487}.Debug|Itanium.ActiveCfg = Debug|Itanium
		{9AD65902-417A-4B71-95D8-09050A7EF487}.Debug|Itanium.Build.0 = Debug|Itanium
		{9AD65902-417A-4B71-95D8-09050A7EF487}.Debug|Mixed Platforms.ActiveCfg = Debug|Itanium
		{9AD65902-417A-4B71-95D8-09050A7EF487}.Debug|Mixed Platforms.Build.0 = Debug|Itanium
		{9AD65902-417A-4B71-95D8-09050A7EF487}.Debug|x64.ActiveCfg = Debug|x86
		{9AD65902-417A-4B71-95D8-09050A7EF487}.Debug|x86.ActiveCfg = Debug|x86
		{9AD65902-417A-4B71-95D8-09050A7EF487}.Debug|x86.Build.0 = Debug|x86
		{9AD65902-417A-4B71-95D8-09050A7EF487}.Release|Any CPU.ActiveCfg = Release|Any CPU
		{9AD65902-417A-4B71-95D8-09050A7EF487}.Release|Any CPU.Build.0 = Release|Any CPU
		{9AD65902-417A-4B71-95D8-09050A7EF487}.Release|Itanium.ActiveCfg = Release|Itanium
		{9AD65902-417A-4B71-95D8-09050A7EF487}.Release|Itanium.Build.0 = Release|Itanium
		{9AD65902-417A-4B71-95D8-09050A7EF487}.Release|Mixed Platforms.ActiveCfg = Release|Itanium
		{9AD65902-417A-4B71-95D8-09050A7EF487}.Release|Mixed Platforms.Build.0 = Release|Itanium
		{9AD65902-417A-4B71-95D8-09050A7EF487}.Release|x64.ActiveCfg = Release|x86
		{9AD65902-417A-4B71-95D8-09050A7EF487}.Release|x86.ActiveCfg = Release|x86
		{9AD65902-417A-4B71-95D8-09050A7EF487}.Release|x86.Build.0 = Release|x86
		{E0417D37-3BA7-4A43-8D83-7DEC88C4DAEB}.Debug|Any CPU.ActiveCfg = Debug|Any CPU
		{E0417D37-3BA7-4A43-8D83-7DEC88C4DAEB}.Debug|Any CPU.Build.0 = Debug|Any CPU
		{E0417D37-3BA7-4A43-8D83-7DEC88C4DAEB}.Debug|Itanium.ActiveCfg = Debug|Itanium
		{E0417D37-3BA7-4A43-8D83-7DEC88C4DAEB}.Debug|Itanium.Build.0 = Debug|Itanium
		{E0417D37-3BA7-4A43-8D83-7DEC88C4DAEB}.Debug|Mixed Platforms.ActiveCfg = Debug|Itanium
		{E0417D37-3BA7-4A43-8D83-7DEC88C4DAEB}.Debug|Mixed Platforms.Build.0 = Debug|Itanium
		{E0417D37-3BA7-4A43-8D83-7DEC88C4DAEB}.Debug|x64.ActiveCfg = Debug|x86
		{E0417D37-3BA7-4A43-8D83-7DEC88C4DAEB}.Debug|x86.ActiveCfg = Debug|x86
		{E0417D37-3BA7-4A43-8D83-7DEC88C4DAEB}.Debug|x86.Build.0 = Debug|x86
		{E0417D37-3BA7-4A43-8D83-7DEC88C4DAEB}.Release|Any CPU.ActiveCfg = Release|Any CPU
		{E0417D37-3BA7-4A43-8D83-7DEC88C4DAEB}.Release|Any CPU.Build.0 = Release|Any CPU
		{E0417D37-3BA7-4A43-8D83-7DEC88C4DAEB}.Release|Itanium.ActiveCfg = Release|Itanium
		{E0417D37-3BA7-4A43-8D83-7DEC88C4DAEB}.Release|Itanium.Build.0 = Release|Itanium
		{E0417D37-3BA7-4A43-8D83-7DEC88C4DAEB}.Release|Mixed Platforms.ActiveCfg = Release|Itanium
		{E0417D37-3BA7-4A43-8D83-7DEC88C4DAEB}.Release|Mixed Platforms.Build.0 = Release|Itanium
		{E0417D37-3BA7-4A43-8D83-7DEC88C4DAEB}.Release|x64.ActiveCfg = Release|x86
		{E0417D37-3BA7-4A43-8D83-7DEC88C4DAEB}.Release|x86.ActiveCfg = Release|x86
		{E0417D37-3BA7-4A43-8D83-7DEC88C4DAEB}.Release|x86.Build.0 = Release|x86
		{AA7F7BE7-92E5-4317-B4A7-B76A3A894EB1}.Debug|Any CPU.ActiveCfg = Debug|Any CPU
		{AA7F7BE7-92E5-4317-B4A7-B76A3A894EB1}.Debug|Any CPU.Build.0 = Debug|Any CPU
		{AA7F7BE7-92E5-4317-B4A7-B76A3A894EB1}.Debug|Itanium.ActiveCfg = Debug|Itanium
		{AA7F7BE7-92E5-4317-B4A7-B76A3A894EB1}.Debug|Itanium.Build.0 = Debug|Itanium
		{AA7F7BE7-92E5-4317-B4A7-B76A3A894EB1}.Debug|Mixed Platforms.ActiveCfg = Debug|Itanium
		{AA7F7BE7-92E5-4317-B4A7-B76A3A894EB1}.Debug|Mixed Platforms.Build.0 = Debug|Itanium
		{AA7F7BE7-92E5-4317-B4A7-B76A3A894EB1}.Debug|x64.ActiveCfg = Debug|x86
		{AA7F7BE7-92E5-4317-B4A7-B76A3A894EB1}.Debug|x86.ActiveCfg = Debug|x86
		{AA7F7BE7-92E5-4317-B4A7-B76A3A894EB1}.Debug|x86.Build.0 = Debug|x86
		{AA7F7BE7-92E5-4317-B4A7-B76A3A894EB1}.Release|Any CPU.ActiveCfg = Release|Any CPU
		{AA7F7BE7-92E5-4317-B4A7-B76A3A894EB1}.Release|Any CPU.Build.0 = Release|Any CPU
		{AA7F7BE7-92E5-4317-B4A7-B76A3A894EB1}.Release|Itanium.ActiveCfg = Release|Itanium
		{AA7F7BE7-92E5-4317-B4A7-B76A3A894EB1}.Release|Itanium.Build.0 = Release|Itanium
		{AA7F7BE7-92E5-4317-B4A7-B76A3A894EB1}.Release|Mixed Platforms.ActiveCfg = Release|Itanium
		{AA7F7BE7-92E5-4317-B4A7-B76A3A894EB1}.Release|Mixed Platforms.Build.0 = Release|Itanium
		{AA7F7BE7-92E5-4317-B4A7-B76A3A894EB1}.Release|x64.ActiveCfg = Release|x86
		{AA7F7BE7-92E5-4317-B4A7-B76A3A894EB1}.Release|x86.ActiveCfg = Release|x86
		{AA7F7BE7-92E5-4317-B4A7-B76A3A894EB1}.Release|x86.Build.0 = Release|x86
		{0343852E-D57D-45CE-AEE6-E8A3393A90B8}.Debug|Any CPU.ActiveCfg = Debug|Any CPU
		{0343852E-D57D-45CE-AEE6-E8A3393A90B8}.Debug|Any CPU.Build.0 = Debug|Any CPU
		{0343852E-D57D-45CE-AEE6-E8A3393A90B8}.Debug|Itanium.ActiveCfg = Debug|Itanium
		{0343852E-D57D-45CE-AEE6-E8A3393A90B8}.Debug|Itanium.Build.0 = Debug|Itanium
		{0343852E-D57D-45CE-AEE6-E8A3393A90B8}.Debug|Mixed Platforms.ActiveCfg = Debug|Itanium
		{0343852E-D57D-45CE-AEE6-E8A3393A90B8}.Debug|Mixed Platforms.Build.0 = Debug|Itanium
		{0343852E-D57D-45CE-AEE6-E8A3393A90B8}.Debug|x64.ActiveCfg = Debug|x86
		{0343852E-D57D-45CE-AEE6-E8A3393A90B8}.Debug|x86.ActiveCfg = Debug|x86
		{0343852E-D57D-45CE-AEE6-E8A3393A90B8}.Debug|x86.Build.0 = Debug|x86
		{0343852E-D57D-45CE-AEE6-E8A3393A90B8}.Release|Any CPU.ActiveCfg = Release|Any CPU
		{0343852E-D57D-45CE-AEE6-E8A3393A90B8}.Release|Any CPU.Build.0 = Release|Any CPU
		{0343852E-D57D-45CE-AEE6-E8A3393A90B8}.Release|Itanium.ActiveCfg = Release|Itanium
		{0343852E-D57D-45CE-AEE6-E8A3393A90B8}.Release|Itanium.Build.0 = Release|Itanium
		{0343852E-D57D-45CE-AEE6-E8A3393A90B8}.Release|Mixed Platforms.ActiveCfg = Release|Itanium
		{0343852E-D57D-45CE-AEE6-E8A3393A90B8}.Release|Mixed Platforms.Build.0 = Release|Itanium
		{0343852E-D57D-45CE-AEE6-E8A3393A90B8}.Release|x64.ActiveCfg = Release|x86
		{0343852E-D57D-45CE-AEE6-E8A3393A90B8}.Release|x86.ActiveCfg = Release|x86
		{0343852E-D57D-45CE-AEE6-E8A3393A90B8}.Release|x86.Build.0 = Release|x86
		{07306190-3C38-40AF-913F-8B5F99C51AB1}.Debug|Any CPU.ActiveCfg = Debug|Itanium
		{07306190-3C38-40AF-913F-8B5F99C51AB1}.Debug|Itanium.ActiveCfg = Debug|Itanium
		{07306190-3C38-40AF-913F-8B5F99C51AB1}.Debug|Itanium.Build.0 = Debug|Itanium
		{07306190-3C38-40AF-913F-8B5F99C51AB1}.Debug|Mixed Platforms.ActiveCfg = Debug|Itanium
		{07306190-3C38-40AF-913F-8B5F99C51AB1}.Debug|Mixed Platforms.Build.0 = Debug|Itanium
		{07306190-3C38-40AF-913F-8B5F99C51AB1}.Debug|x64.ActiveCfg = Debug|x86
		{07306190-3C38-40AF-913F-8B5F99C51AB1}.Debug|x86.ActiveCfg = Debug|x86
		{07306190-3C38-40AF-913F-8B5F99C51AB1}.Debug|x86.Build.0 = Debug|x86
		{07306190-3C38-40AF-913F-8B5F99C51AB1}.Release|Any CPU.ActiveCfg = Release|Itanium
		{07306190-3C38-40AF-913F-8B5F99C51AB1}.Release|Itanium.ActiveCfg = Release|Itanium
		{07306190-3C38-40AF-913F-8B5F99C51AB1}.Release|Itanium.Build.0 = Release|Itanium
		{07306190-3C38-40AF-913F-8B5F99C51AB1}.Release|Mixed Platforms.ActiveCfg = Release|Itanium
		{07306190-3C38-40AF-913F-8B5F99C51AB1}.Release|Mixed Platforms.Build.0 = Release|Itanium
		{07306190-3C38-40AF-913F-8B5F99C51AB1}.Release|x64.ActiveCfg = Release|x86
		{07306190-3C38-40AF-913F-8B5F99C51AB1}.Release|x86.ActiveCfg = Release|x86
		{07306190-3C38-40AF-913F-8B5F99C51AB1}.Release|x86.Build.0 = Release|x86
		{3810D1BC-E053-4A50-A2D1-B7466AC7B5EA}.Debug|Any CPU.ActiveCfg = Debug|Any CPU
		{3810D1BC-E053-4A50-A2D1-B7466AC7B5EA}.Debug|Any CPU.Build.0 = Debug|Any CPU
		{3810D1BC-E053-4A50-A2D1-B7466AC7B5EA}.Debug|Itanium.ActiveCfg = Debug|Itanium
		{3810D1BC-E053-4A50-A2D1-B7466AC7B5EA}.Debug|Itanium.Build.0 = Debug|Itanium
		{3810D1BC-E053-4A50-A2D1-B7466AC7B5EA}.Debug|Mixed Platforms.ActiveCfg = Debug|Itanium
		{3810D1BC-E053-4A50-A2D1-B7466AC7B5EA}.Debug|Mixed Platforms.Build.0 = Debug|Itanium
		{3810D1BC-E053-4A50-A2D1-B7466AC7B5EA}.Debug|x64.ActiveCfg = Debug|x86
		{3810D1BC-E053-4A50-A2D1-B7466AC7B5EA}.Debug|x86.ActiveCfg = Debug|x86
		{3810D1BC-E053-4A50-A2D1-B7466AC7B5EA}.Release|Any CPU.ActiveCfg = Release|Any CPU
		{3810D1BC-E053-4A50-A2D1-B7466AC7B5EA}.Release|Any CPU.Build.0 = Release|Any CPU
		{3810D1BC-E053-4A50-A2D1-B7466AC7B5EA}.Release|Itanium.ActiveCfg = Release|Itanium
		{3810D1BC-E053-4A50-A2D1-B7466AC7B5EA}.Release|Itanium.Build.0 = Release|Itanium
		{3810D1BC-E053-4A50-A2D1-B7466AC7B5EA}.Release|Mixed Platforms.ActiveCfg = Release|Itanium
		{3810D1BC-E053-4A50-A2D1-B7466AC7B5EA}.Release|Mixed Platforms.Build.0 = Release|Itanium
		{3810D1BC-E053-4A50-A2D1-B7466AC7B5EA}.Release|x64.ActiveCfg = Release|x86
		{3810D1BC-E053-4A50-A2D1-B7466AC7B5EA}.Release|x86.ActiveCfg = Release|x86
		{3810D1BC-E053-4A50-A2D1-B7466AC7B5EA}.Release|x86.Build.0 = Release|x86
		{FDE93AF0-7490-40D5-AB37-7521390850F9}.Debug|Any CPU.ActiveCfg = Debug|Any CPU
		{FDE93AF0-7490-40D5-AB37-7521390850F9}.Debug|Any CPU.Build.0 = Debug|Any CPU
		{FDE93AF0-7490-40D5-AB37-7521390850F9}.Debug|Itanium.ActiveCfg = Debug|x86
		{FDE93AF0-7490-40D5-AB37-7521390850F9}.Debug|Mixed Platforms.ActiveCfg = Debug|x86
		{FDE93AF0-7490-40D5-AB37-7521390850F9}.Debug|Mixed Platforms.Build.0 = Debug|x86
		{FDE93AF0-7490-40D5-AB37-7521390850F9}.Debug|x64.ActiveCfg = Debug|x86
		{FDE93AF0-7490-40D5-AB37-7521390850F9}.Debug|x86.ActiveCfg = Debug|x86
		{FDE93AF0-7490-40D5-AB37-7521390850F9}.Release|Any CPU.ActiveCfg = Release|Any CPU
		{FDE93AF0-7490-40D5-AB37-7521390850F9}.Release|Any CPU.Build.0 = Release|Any CPU
		{FDE93AF0-7490-40D5-AB37-7521390850F9}.Release|Itanium.ActiveCfg = Release|x86
		{FDE93AF0-7490-40D5-AB37-7521390850F9}.Release|Mixed Platforms.ActiveCfg = Release|x86
		{FDE93AF0-7490-40D5-AB37-7521390850F9}.Release|Mixed Platforms.Build.0 = Release|x86
		{FDE93AF0-7490-40D5-AB37-7521390850F9}.Release|x64.ActiveCfg = Release|x86
		{FDE93AF0-7490-40D5-AB37-7521390850F9}.Release|x86.ActiveCfg = Release|x86
		{FDE93AF0-7490-40D5-AB37-7521390850F9}.Release|x86.Build.0 = Release|x86
		{DE6EC2DF-3BD1-4D33-AEDC-C719E6D845DE}.Debug|Any CPU.ActiveCfg = Debug|Any CPU
		{DE6EC2DF-3BD1-4D33-AEDC-C719E6D845DE}.Debug|Any CPU.Build.0 = Debug|Any CPU
		{DE6EC2DF-3BD1-4D33-AEDC-C719E6D845DE}.Debug|Itanium.ActiveCfg = Debug|Itanium
		{DE6EC2DF-3BD1-4D33-AEDC-C719E6D845DE}.Debug|Itanium.Build.0 = Debug|Itanium
		{DE6EC2DF-3BD1-4D33-AEDC-C719E6D845DE}.Debug|Mixed Platforms.ActiveCfg = Debug|Itanium
		{DE6EC2DF-3BD1-4D33-AEDC-C719E6D845DE}.Debug|Mixed Platforms.Build.0 = Debug|Itanium
		{DE6EC2DF-3BD1-4D33-AEDC-C719E6D845DE}.Debug|x64.ActiveCfg = Debug|x86
		{DE6EC2DF-3BD1-4D33-AEDC-C719E6D845DE}.Debug|x86.ActiveCfg = Debug|x86
		{DE6EC2DF-3BD1-4D33-AEDC-C719E6D845DE}.Debug|x86.Build.0 = Debug|x86
		{DE6EC2DF-3BD1-4D33-AEDC-C719E6D845DE}.Release|Any CPU.ActiveCfg = Release|Any CPU
		{DE6EC2DF-3BD1-4D33-AEDC-C719E6D845DE}.Release|Any CPU.Build.0 = Release|Any CPU
		{DE6EC2DF-3BD1-4D33-AEDC-C719E6D845DE}.Release|Itanium.ActiveCfg = Release|Itanium
		{DE6EC2DF-3BD1-4D33-AEDC-C719E6D845DE}.Release|Itanium.Build.0 = Release|Itanium
		{DE6EC2DF-3BD1-4D33-AEDC-C719E6D845DE}.Release|Mixed Platforms.ActiveCfg = Release|Itanium
		{DE6EC2DF-3BD1-4D33-AEDC-C719E6D845DE}.Release|Mixed Platforms.Build.0 = Release|Itanium
		{DE6EC2DF-3BD1-4D33-AEDC-C719E6D845DE}.Release|x64.ActiveCfg = Release|x86
		{DE6EC2DF-3BD1-4D33-AEDC-C719E6D845DE}.Release|x86.ActiveCfg = Release|x86
		{DE6EC2DF-3BD1-4D33-AEDC-C719E6D845DE}.Release|x86.Build.0 = Release|x86
		{ADB9D4C1-CC73-4208-B40B-0F0EBF9B9D29}.Debug|Any CPU.ActiveCfg = Debug|Any CPU
		{ADB9D4C1-CC73-4208-B40B-0F0EBF9B9D29}.Debug|Any CPU.Build.0 = Debug|Any CPU
		{ADB9D4C1-CC73-4208-B40B-0F0EBF9B9D29}.Debug|Itanium.ActiveCfg = Debug|x86
		{ADB9D4C1-CC73-4208-B40B-0F0EBF9B9D29}.Debug|Mixed Platforms.ActiveCfg = Debug|x86
		{ADB9D4C1-CC73-4208-B40B-0F0EBF9B9D29}.Debug|Mixed Platforms.Build.0 = Debug|x86
		{ADB9D4C1-CC73-4208-B40B-0F0EBF9B9D29}.Debug|x64.ActiveCfg = Debug|x86
		{ADB9D4C1-CC73-4208-B40B-0F0EBF9B9D29}.Debug|x86.ActiveCfg = Debug|x86
		{ADB9D4C1-CC73-4208-B40B-0F0EBF9B9D29}.Debug|x86.Build.0 = Debug|x86
		{ADB9D4C1-CC73-4208-B40B-0F0EBF9B9D29}.Release|Any CPU.ActiveCfg = Release|Any CPU
		{ADB9D4C1-CC73-4208-B40B-0F0EBF9B9D29}.Release|Any CPU.Build.0 = Release|Any CPU
		{ADB9D4C1-CC73-4208-B40B-0F0EBF9B9D29}.Release|Itanium.ActiveCfg = Release|x86
		{ADB9D4C1-CC73-4208-B40B-0F0EBF9B9D29}.Release|Mixed Platforms.ActiveCfg = Release|x86
		{ADB9D4C1-CC73-4208-B40B-0F0EBF9B9D29}.Release|Mixed Platforms.Build.0 = Release|x86
		{ADB9D4C1-CC73-4208-B40B-0F0EBF9B9D29}.Release|x64.ActiveCfg = Release|x86
		{ADB9D4C1-CC73-4208-B40B-0F0EBF9B9D29}.Release|x86.ActiveCfg = Release|x86
		{ADB9D4C1-CC73-4208-B40B-0F0EBF9B9D29}.Release|x86.Build.0 = Release|x86
		{B6C0AD72-396B-4B82-96EC-7C77453F14D3}.Debug|Any CPU.ActiveCfg = Debug|Any CPU
		{B6C0AD72-396B-4B82-96EC-7C77453F14D3}.Debug|Any CPU.Build.0 = Debug|Any CPU
		{B6C0AD72-396B-4B82-96EC-7C77453F14D3}.Debug|Itanium.ActiveCfg = Debug|Itanium
		{B6C0AD72-396B-4B82-96EC-7C77453F14D3}.Debug|Itanium.Build.0 = Debug|Itanium
		{B6C0AD72-396B-4B82-96EC-7C77453F14D3}.Debug|Mixed Platforms.ActiveCfg = Debug|Itanium
		{B6C0AD72-396B-4B82-96EC-7C77453F14D3}.Debug|Mixed Platforms.Build.0 = Debug|Itanium
		{B6C0AD72-396B-4B82-96EC-7C77453F14D3}.Debug|x64.ActiveCfg = Debug|x86
		{B6C0AD72-396B-4B82-96EC-7C77453F14D3}.Debug|x86.ActiveCfg = Debug|x86
		{B6C0AD72-396B-4B82-96EC-7C77453F14D3}.Debug|x86.Build.0 = Debug|x86
		{B6C0AD72-396B-4B82-96EC-7C77453F14D3}.Release|Any CPU.ActiveCfg = Release|Any CPU
		{B6C0AD72-396B-4B82-96EC-7C77453F14D3}.Release|Any CPU.Build.0 = Release|Any CPU
		{B6C0AD72-396B-4B82-96EC-7C77453F14D3}.Release|Itanium.ActiveCfg = Release|Itanium
		{B6C0AD72-396B-4B82-96EC-7C77453F14D3}.Release|Itanium.Build.0 = Release|Itanium
		{B6C0AD72-396B-4B82-96EC-7C77453F14D3}.Release|Mixed Platforms.ActiveCfg = Release|Itanium
		{B6C0AD72-396B-4B82-96EC-7C77453F14D3}.Release|Mixed Platforms.Build.0 = Release|Itanium
		{B6C0AD72-396B-4B82-96EC-7C77453F14D3}.Release|x64.ActiveCfg = Release|x86
		{B6C0AD72-396B-4B82-96EC-7C77453F14D3}.Release|x86.ActiveCfg = Release|x86
		{B6C0AD72-396B-4B82-96EC-7C77453F14D3}.Release|x86.Build.0 = Release|x86
		{5A1CD571-9ECF-4B2C-9733-1A76D4241842}.Debug|Any CPU.ActiveCfg = Debug|Any CPU
		{5A1CD571-9ECF-4B2C-9733-1A76D4241842}.Debug|Any CPU.Build.0 = Debug|Any CPU
		{5A1CD571-9ECF-4B2C-9733-1A76D4241842}.Debug|Itanium.ActiveCfg = Debug|Itanium
		{5A1CD571-9ECF-4B2C-9733-1A76D4241842}.Debug|Itanium.Build.0 = Debug|Itanium
		{5A1CD571-9ECF-4B2C-9733-1A76D4241842}.Debug|Mixed Platforms.ActiveCfg = Debug|Itanium
		{5A1CD571-9ECF-4B2C-9733-1A76D4241842}.Debug|Mixed Platforms.Build.0 = Debug|Itanium
		{5A1CD571-9ECF-4B2C-9733-1A76D4241842}.Debug|x64.ActiveCfg = Debug|x86
		{5A1CD571-9ECF-4B2C-9733-1A76D4241842}.Debug|x86.ActiveCfg = Debug|x86
		{5A1CD571-9ECF-4B2C-9733-1A76D4241842}.Debug|x86.Build.0 = Debug|x86
		{5A1CD571-9ECF-4B2C-9733-1A76D4241842}.Release|Any CPU.ActiveCfg = Release|Any CPU
		{5A1CD571-9ECF-4B2C-9733-1A76D4241842}.Release|Any CPU.Build.0 = Release|Any CPU
		{5A1CD571-9ECF-4B2C-9733-1A76D4241842}.Release|Itanium.ActiveCfg = Release|Itanium
		{5A1CD571-9ECF-4B2C-9733-1A76D4241842}.Release|Itanium.Build.0 = Release|Itanium
		{5A1CD571-9ECF-4B2C-9733-1A76D4241842}.Release|Mixed Platforms.ActiveCfg = Release|Itanium
		{5A1CD571-9ECF-4B2C-9733-1A76D4241842}.Release|Mixed Platforms.Build.0 = Release|Itanium
		{5A1CD571-9ECF-4B2C-9733-1A76D4241842}.Release|x64.ActiveCfg = Release|x86
		{5A1CD571-9ECF-4B2C-9733-1A76D4241842}.Release|x86.ActiveCfg = Release|x86
		{5A1CD571-9ECF-4B2C-9733-1A76D4241842}.Release|x86.Build.0 = Release|x86
		{9C3897E5-55B0-4DDA-985B-6F024E415E54}.Debug|Any CPU.ActiveCfg = Debug|Any CPU
		{9C3897E5-55B0-4DDA-985B-6F024E415E54}.Debug|Any CPU.Build.0 = Debug|Any CPU
		{9C3897E5-55B0-4DDA-985B-6F024E415E54}.Debug|Itanium.ActiveCfg = Debug|Itanium
		{9C3897E5-55B0-4DDA-985B-6F024E415E54}.Debug|Itanium.Build.0 = Debug|Itanium
		{9C3897E5-55B0-4DDA-985B-6F024E415E54}.Debug|Mixed Platforms.ActiveCfg = Debug|Itanium
		{9C3897E5-55B0-4DDA-985B-6F024E415E54}.Debug|Mixed Platforms.Build.0 = Debug|Itanium
		{9C3897E5-55B0-4DDA-985B-6F024E415E54}.Debug|x64.ActiveCfg = Debug|x86
		{9C3897E5-55B0-4DDA-985B-6F024E415E54}.Debug|x86.ActiveCfg = Debug|x86
		{9C3897E5-55B0-4DDA-985B-6F024E415E54}.Release|Any CPU.ActiveCfg = Release|Any CPU
		{9C3897E5-55B0-4DDA-985B-6F024E415E54}.Release|Any CPU.Build.0 = Release|Any CPU
		{9C3897E5-55B0-4DDA-985B-6F024E415E54}.Release|Itanium.ActiveCfg = Release|Itanium
		{9C3897E5-55B0-4DDA-985B-6F024E415E54}.Release|Itanium.Build.0 = Release|Itanium
		{9C3897E5-55B0-4DDA-985B-6F024E415E54}.Release|Mixed Platforms.ActiveCfg = Release|Itanium
		{9C3897E5-55B0-4DDA-985B-6F024E415E54}.Release|Mixed Platforms.Build.0 = Release|Itanium
		{9C3897E5-55B0-4DDA-985B-6F024E415E54}.Release|x64.ActiveCfg = Release|x86
		{9C3897E5-55B0-4DDA-985B-6F024E415E54}.Release|x86.ActiveCfg = Release|x86
		{9C3897E5-55B0-4DDA-985B-6F024E415E54}.Release|x86.Build.0 = Release|x86
		{CDB39C74-AA00-4466-A718-FE873DD315AA}.Debug|Any CPU.ActiveCfg = Debug|Any CPU
		{CDB39C74-AA00-4466-A718-FE873DD315AA}.Debug|Any CPU.Build.0 = Debug|Any CPU
		{CDB39C74-AA00-4466-A718-FE873DD315AA}.Debug|Itanium.ActiveCfg = Debug|Itanium
		{CDB39C74-AA00-4466-A718-FE873DD315AA}.Debug|Itanium.Build.0 = Debug|Itanium
		{CDB39C74-AA00-4466-A718-FE873DD315AA}.Debug|Mixed Platforms.ActiveCfg = Debug|Itanium
		{CDB39C74-AA00-4466-A718-FE873DD315AA}.Debug|Mixed Platforms.Build.0 = Debug|Itanium
		{CDB39C74-AA00-4466-A718-FE873DD315AA}.Debug|x64.ActiveCfg = Debug|x86
		{CDB39C74-AA00-4466-A718-FE873DD315AA}.Debug|x86.ActiveCfg = Debug|x86
		{CDB39C74-AA00-4466-A718-FE873DD315AA}.Release|Any CPU.ActiveCfg = Release|Any CPU
		{CDB39C74-AA00-4466-A718-FE873DD315AA}.Release|Any CPU.Build.0 = Release|Any CPU
		{CDB39C74-AA00-4466-A718-FE873DD315AA}.Release|Itanium.ActiveCfg = Release|Itanium
		{CDB39C74-AA00-4466-A718-FE873DD315AA}.Release|Itanium.Build.0 = Release|Itanium
		{CDB39C74-AA00-4466-A718-FE873DD315AA}.Release|Mixed Platforms.ActiveCfg = Release|Itanium
		{CDB39C74-AA00-4466-A718-FE873DD315AA}.Release|Mixed Platforms.Build.0 = Release|Itanium
		{CDB39C74-AA00-4466-A718-FE873DD315AA}.Release|x64.ActiveCfg = Release|x86
		{CDB39C74-AA00-4466-A718-FE873DD315AA}.Release|x86.ActiveCfg = Release|x86
		{CDB39C74-AA00-4466-A718-FE873DD315AA}.Release|x86.Build.0 = Release|x86
		{6D6C5DAC-CA68-48FF-B8F3-2664D29C8D18}.Debug|Any CPU.ActiveCfg = Debug|Any CPU
		{6D6C5DAC-CA68-48FF-B8F3-2664D29C8D18}.Debug|Any CPU.Build.0 = Debug|Any CPU
		{6D6C5DAC-CA68-48FF-B8F3-2664D29C8D18}.Debug|Itanium.ActiveCfg = Debug|Itanium
		{6D6C5DAC-CA68-48FF-B8F3-2664D29C8D18}.Debug|Itanium.Build.0 = Debug|Itanium
		{6D6C5DAC-CA68-48FF-B8F3-2664D29C8D18}.Debug|Mixed Platforms.ActiveCfg = Debug|Itanium
		{6D6C5DAC-CA68-48FF-B8F3-2664D29C8D18}.Debug|Mixed Platforms.Build.0 = Debug|Itanium
		{6D6C5DAC-CA68-48FF-B8F3-2664D29C8D18}.Debug|x64.ActiveCfg = Debug|x86
		{6D6C5DAC-CA68-48FF-B8F3-2664D29C8D18}.Debug|x86.ActiveCfg = Debug|x86
		{6D6C5DAC-CA68-48FF-B8F3-2664D29C8D18}.Release|Any CPU.ActiveCfg = Release|Any CPU
		{6D6C5DAC-CA68-48FF-B8F3-2664D29C8D18}.Release|Any CPU.Build.0 = Release|Any CPU
		{6D6C5DAC-CA68-48FF-B8F3-2664D29C8D18}.Release|Itanium.ActiveCfg = Release|Itanium
		{6D6C5DAC-CA68-48FF-B8F3-2664D29C8D18}.Release|Itanium.Build.0 = Release|Itanium
		{6D6C5DAC-CA68-48FF-B8F3-2664D29C8D18}.Release|Mixed Platforms.ActiveCfg = Release|Itanium
		{6D6C5DAC-CA68-48FF-B8F3-2664D29C8D18}.Release|Mixed Platforms.Build.0 = Release|Itanium
		{6D6C5DAC-CA68-48FF-B8F3-2664D29C8D18}.Release|x64.ActiveCfg = Release|x86
		{6D6C5DAC-CA68-48FF-B8F3-2664D29C8D18}.Release|x86.ActiveCfg = Release|x86
		{6D6C5DAC-CA68-48FF-B8F3-2664D29C8D18}.Release|x86.Build.0 = Release|x86
		{16DD14E1-B1A7-4839-93DB-1D9B602AD000}.Debug|Any CPU.ActiveCfg = Debug|Any CPU
		{16DD14E1-B1A7-4839-93DB-1D9B602AD000}.Debug|Any CPU.Build.0 = Debug|Any CPU
		{16DD14E1-B1A7-4839-93DB-1D9B602AD000}.Debug|Itanium.ActiveCfg = Debug|Itanium
		{16DD14E1-B1A7-4839-93DB-1D9B602AD000}.Debug|Itanium.Build.0 = Debug|Itanium
		{16DD14E1-B1A7-4839-93DB-1D9B602AD000}.Debug|Mixed Platforms.ActiveCfg = Debug|Itanium
		{16DD14E1-B1A7-4839-93DB-1D9B602AD000}.Debug|Mixed Platforms.Build.0 = Debug|Itanium
		{16DD14E1-B1A7-4839-93DB-1D9B602AD000}.Debug|x64.ActiveCfg = Debug|x86
		{16DD14E1-B1A7-4839-93DB-1D9B602AD000}.Debug|x86.ActiveCfg = Debug|x86
		{16DD14E1-B1A7-4839-93DB-1D9B602AD000}.Release|Any CPU.ActiveCfg = Release|Any CPU
		{16DD14E1-B1A7-4839-93DB-1D9B602AD000}.Release|Any CPU.Build.0 = Release|Any CPU
		{16DD14E1-B1A7-4839-93DB-1D9B602AD000}.Release|Itanium.ActiveCfg = Release|Itanium
		{16DD14E1-B1A7-4839-93DB-1D9B602AD000}.Release|Itanium.Build.0 = Release|Itanium
		{16DD14E1-B1A7-4839-93DB-1D9B602AD000}.Release|Mixed Platforms.ActiveCfg = Release|Itanium
		{16DD14E1-B1A7-4839-93DB-1D9B602AD000}.Release|Mixed Platforms.Build.0 = Release|Itanium
		{16DD14E1-B1A7-4839-93DB-1D9B602AD000}.Release|x64.ActiveCfg = Release|x86
		{16DD14E1-B1A7-4839-93DB-1D9B602AD000}.Release|x86.ActiveCfg = Release|x86
		{16DD14E1-B1A7-4839-93DB-1D9B602AD000}.Release|x86.Build.0 = Release|x86
		{DDE9253B-503A-4D43-A07F-8B5E82674366}.Debug|Any CPU.ActiveCfg = Debug|Any CPU
		{DDE9253B-503A-4D43-A07F-8B5E82674366}.Debug|Any CPU.Build.0 = Debug|Any CPU
		{DDE9253B-503A-4D43-A07F-8B5E82674366}.Debug|Itanium.ActiveCfg = Debug|Itanium
		{DDE9253B-503A-4D43-A07F-8B5E82674366}.Debug|Itanium.Build.0 = Debug|Itanium
		{DDE9253B-503A-4D43-A07F-8B5E82674366}.Debug|Mixed Platforms.ActiveCfg = Debug|Itanium
		{DDE9253B-503A-4D43-A07F-8B5E82674366}.Debug|Mixed Platforms.Build.0 = Debug|Itanium
		{DDE9253B-503A-4D43-A07F-8B5E82674366}.Debug|x64.ActiveCfg = Debug|x86
		{DDE9253B-503A-4D43-A07F-8B5E82674366}.Debug|x86.ActiveCfg = Debug|x86
		{DDE9253B-503A-4D43-A07F-8B5E82674366}.Release|Any CPU.ActiveCfg = Release|Any CPU
		{DDE9253B-503A-4D43-A07F-8B5E82674366}.Release|Any CPU.Build.0 = Release|Any CPU
		{DDE9253B-503A-4D43-A07F-8B5E82674366}.Release|Itanium.ActiveCfg = Release|Itanium
		{DDE9253B-503A-4D43-A07F-8B5E82674366}.Release|Itanium.Build.0 = Release|Itanium
		{DDE9253B-503A-4D43-A07F-8B5E82674366}.Release|Mixed Platforms.ActiveCfg = Release|Itanium
		{DDE9253B-503A-4D43-A07F-8B5E82674366}.Release|Mixed Platforms.Build.0 = Release|Itanium
		{DDE9253B-503A-4D43-A07F-8B5E82674366}.Release|x64.ActiveCfg = Release|x86
		{DDE9253B-503A-4D43-A07F-8B5E82674366}.Release|x86.ActiveCfg = Release|x86
		{DDE9253B-503A-4D43-A07F-8B5E82674366}.Release|x86.Build.0 = Release|x86
		{F932D09F-8BEB-4EFF-94F3-928DA747C1E4}.Debug|Any CPU.ActiveCfg = Debug|Any CPU
		{F932D09F-8BEB-4EFF-94F3-928DA747C1E4}.Debug|Any CPU.Build.0 = Debug|Any CPU
		{F932D09F-8BEB-4EFF-94F3-928DA747C1E4}.Debug|Itanium.ActiveCfg = Debug|Itanium
		{F932D09F-8BEB-4EFF-94F3-928DA747C1E4}.Debug|Itanium.Build.0 = Debug|Itanium
		{F932D09F-8BEB-4EFF-94F3-928DA747C1E4}.Debug|Mixed Platforms.ActiveCfg = Debug|Itanium
		{F932D09F-8BEB-4EFF-94F3-928DA747C1E4}.Debug|Mixed Platforms.Build.0 = Debug|Itanium
		{F932D09F-8BEB-4EFF-94F3-928DA747C1E4}.Debug|x64.ActiveCfg = Debug|x86
		{F932D09F-8BEB-4EFF-94F3-928DA747C1E4}.Debug|x86.ActiveCfg = Debug|x86
		{F932D09F-8BEB-4EFF-94F3-928DA747C1E4}.Release|Any CPU.ActiveCfg = Release|Any CPU
		{F932D09F-8BEB-4EFF-94F3-928DA747C1E4}.Release|Any CPU.Build.0 = Release|Any CPU
		{F932D09F-8BEB-4EFF-94F3-928DA747C1E4}.Release|Itanium.ActiveCfg = Release|Itanium
		{F932D09F-8BEB-4EFF-94F3-928DA747C1E4}.Release|Itanium.Build.0 = Release|Itanium
		{F932D09F-8BEB-4EFF-94F3-928DA747C1E4}.Release|Mixed Platforms.ActiveCfg = Release|Itanium
		{F932D09F-8BEB-4EFF-94F3-928DA747C1E4}.Release|Mixed Platforms.Build.0 = Release|Itanium
		{F932D09F-8BEB-4EFF-94F3-928DA747C1E4}.Release|x64.ActiveCfg = Release|x86
		{F932D09F-8BEB-4EFF-94F3-928DA747C1E4}.Release|x86.ActiveCfg = Release|x86
		{F932D09F-8BEB-4EFF-94F3-928DA747C1E4}.Release|x86.Build.0 = Release|x86
		{553613A6-F116-483B-8ED0-6727895868B8}.Debug|Any CPU.ActiveCfg = Debug|Any CPU
		{553613A6-F116-483B-8ED0-6727895868B8}.Debug|Any CPU.Build.0 = Debug|Any CPU
		{553613A6-F116-483B-8ED0-6727895868B8}.Debug|Itanium.ActiveCfg = Debug|Itanium
		{553613A6-F116-483B-8ED0-6727895868B8}.Debug|Itanium.Build.0 = Debug|Itanium
		{553613A6-F116-483B-8ED0-6727895868B8}.Debug|Mixed Platforms.ActiveCfg = Debug|Itanium
		{553613A6-F116-483B-8ED0-6727895868B8}.Debug|Mixed Platforms.Build.0 = Debug|Itanium
		{553613A6-F116-483B-8ED0-6727895868B8}.Debug|x64.ActiveCfg = Debug|x86
		{553613A6-F116-483B-8ED0-6727895868B8}.Debug|x86.ActiveCfg = Debug|x86
		{553613A6-F116-483B-8ED0-6727895868B8}.Release|Any CPU.ActiveCfg = Release|Any CPU
		{553613A6-F116-483B-8ED0-6727895868B8}.Release|Any CPU.Build.0 = Release|Any CPU
		{553613A6-F116-483B-8ED0-6727895868B8}.Release|Itanium.ActiveCfg = Release|Itanium
		{553613A6-F116-483B-8ED0-6727895868B8}.Release|Itanium.Build.0 = Release|Itanium
		{553613A6-F116-483B-8ED0-6727895868B8}.Release|Mixed Platforms.ActiveCfg = Release|Itanium
		{553613A6-F116-483B-8ED0-6727895868B8}.Release|Mixed Platforms.Build.0 = Release|Itanium
		{553613A6-F116-483B-8ED0-6727895868B8}.Release|x64.ActiveCfg = Release|x86
		{553613A6-F116-483B-8ED0-6727895868B8}.Release|x86.ActiveCfg = Release|x86
		{553613A6-F116-483B-8ED0-6727895868B8}.Release|x86.Build.0 = Release|x86
		{71EAA560-EAB8-4EC3-BE77-EBE1B874FE72}.Debug|Any CPU.ActiveCfg = Debug|Any CPU
		{71EAA560-EAB8-4EC3-BE77-EBE1B874FE72}.Debug|Any CPU.Build.0 = Debug|Any CPU
		{71EAA560-EAB8-4EC3-BE77-EBE1B874FE72}.Debug|Itanium.ActiveCfg = Debug|Itanium
		{71EAA560-EAB8-4EC3-BE77-EBE1B874FE72}.Debug|Itanium.Build.0 = Debug|Itanium
		{71EAA560-EAB8-4EC3-BE77-EBE1B874FE72}.Debug|Mixed Platforms.ActiveCfg = Debug|Itanium
		{71EAA560-EAB8-4EC3-BE77-EBE1B874FE72}.Debug|Mixed Platforms.Build.0 = Debug|Itanium
		{71EAA560-EAB8-4EC3-BE77-EBE1B874FE72}.Debug|x64.ActiveCfg = Debug|x86
		{71EAA560-EAB8-4EC3-BE77-EBE1B874FE72}.Debug|x86.ActiveCfg = Debug|x86
		{71EAA560-EAB8-4EC3-BE77-EBE1B874FE72}.Release|Any CPU.ActiveCfg = Release|Any CPU
		{71EAA560-EAB8-4EC3-BE77-EBE1B874FE72}.Release|Any CPU.Build.0 = Release|Any CPU
		{71EAA560-EAB8-4EC3-BE77-EBE1B874FE72}.Release|Itanium.ActiveCfg = Release|Itanium
		{71EAA560-EAB8-4EC3-BE77-EBE1B874FE72}.Release|Itanium.Build.0 = Release|Itanium
		{71EAA560-EAB8-4EC3-BE77-EBE1B874FE72}.Release|Mixed Platforms.ActiveCfg = Release|Itanium
		{71EAA560-EAB8-4EC3-BE77-EBE1B874FE72}.Release|Mixed Platforms.Build.0 = Release|Itanium
		{71EAA560-EAB8-4EC3-BE77-EBE1B874FE72}.Release|x64.ActiveCfg = Release|x86
		{71EAA560-EAB8-4EC3-BE77-EBE1B874FE72}.Release|x86.ActiveCfg = Release|x86
		{71EAA560-EAB8-4EC3-BE77-EBE1B874FE72}.Release|x86.Build.0 = Release|x86
		{92DE60B6-DE6D-4978-9689-E56BE82A9A05}.Debug|Any CPU.ActiveCfg = Debug|Any CPU
		{92DE60B6-DE6D-4978-9689-E56BE82A9A05}.Debug|Any CPU.Build.0 = Debug|Any CPU
		{92DE60B6-DE6D-4978-9689-E56BE82A9A05}.Debug|Itanium.ActiveCfg = Debug|Itanium
		{92DE60B6-DE6D-4978-9689-E56BE82A9A05}.Debug|Itanium.Build.0 = Debug|Itanium
		{92DE60B6-DE6D-4978-9689-E56BE82A9A05}.Debug|Mixed Platforms.ActiveCfg = Debug|Itanium
		{92DE60B6-DE6D-4978-9689-E56BE82A9A05}.Debug|Mixed Platforms.Build.0 = Debug|Itanium
		{92DE60B6-DE6D-4978-9689-E56BE82A9A05}.Debug|x64.ActiveCfg = Debug|x86
		{92DE60B6-DE6D-4978-9689-E56BE82A9A05}.Debug|x86.ActiveCfg = Debug|x86
		{92DE60B6-DE6D-4978-9689-E56BE82A9A05}.Release|Any CPU.ActiveCfg = Release|Any CPU
		{92DE60B6-DE6D-4978-9689-E56BE82A9A05}.Release|Any CPU.Build.0 = Release|Any CPU
		{92DE60B6-DE6D-4978-9689-E56BE82A9A05}.Release|Itanium.ActiveCfg = Release|Itanium
		{92DE60B6-DE6D-4978-9689-E56BE82A9A05}.Release|Itanium.Build.0 = Release|Itanium
		{92DE60B6-DE6D-4978-9689-E56BE82A9A05}.Release|Mixed Platforms.ActiveCfg = Release|Itanium
		{92DE60B6-DE6D-4978-9689-E56BE82A9A05}.Release|Mixed Platforms.Build.0 = Release|Itanium
		{92DE60B6-DE6D-4978-9689-E56BE82A9A05}.Release|x64.ActiveCfg = Release|x86
		{92DE60B6-DE6D-4978-9689-E56BE82A9A05}.Release|x86.ActiveCfg = Release|x86
		{92DE60B6-DE6D-4978-9689-E56BE82A9A05}.Release|x86.Build.0 = Release|x86
		{46561E9D-570E-4195-82A4-57D0BEADE36D}.Debug|Any CPU.ActiveCfg = Debug|Any CPU
		{46561E9D-570E-4195-82A4-57D0BEADE36D}.Debug|Any CPU.Build.0 = Debug|Any CPU
		{46561E9D-570E-4195-82A4-57D0BEADE36D}.Debug|Itanium.ActiveCfg = Debug|Itanium
		{46561E9D-570E-4195-82A4-57D0BEADE36D}.Debug|Itanium.Build.0 = Debug|Itanium
		{46561E9D-570E-4195-82A4-57D0BEADE36D}.Debug|Mixed Platforms.ActiveCfg = Debug|Itanium
		{46561E9D-570E-4195-82A4-57D0BEADE36D}.Debug|Mixed Platforms.Build.0 = Debug|Itanium
		{46561E9D-570E-4195-82A4-57D0BEADE36D}.Debug|x64.ActiveCfg = Debug|x86
		{46561E9D-570E-4195-82A4-57D0BEADE36D}.Debug|x86.ActiveCfg = Debug|x86
		{46561E9D-570E-4195-82A4-57D0BEADE36D}.Release|Any CPU.ActiveCfg = Release|Any CPU
		{46561E9D-570E-4195-82A4-57D0BEADE36D}.Release|Any CPU.Build.0 = Release|Any CPU
		{46561E9D-570E-4195-82A4-57D0BEADE36D}.Release|Itanium.ActiveCfg = Release|Itanium
		{46561E9D-570E-4195-82A4-57D0BEADE36D}.Release|Itanium.Build.0 = Release|Itanium
		{46561E9D-570E-4195-82A4-57D0BEADE36D}.Release|Mixed Platforms.ActiveCfg = Release|Itanium
		{46561E9D-570E-4195-82A4-57D0BEADE36D}.Release|Mixed Platforms.Build.0 = Release|Itanium
		{46561E9D-570E-4195-82A4-57D0BEADE36D}.Release|x64.ActiveCfg = Release|x86
		{46561E9D-570E-4195-82A4-57D0BEADE36D}.Release|x86.ActiveCfg = Release|x86
		{46561E9D-570E-4195-82A4-57D0BEADE36D}.Release|x86.Build.0 = Release|x86
		{498B97E8-F41B-431B-A3C6-C3992D6F80D7}.Debug|Any CPU.ActiveCfg = Debug|Any CPU
		{498B97E8-F41B-431B-A3C6-C3992D6F80D7}.Debug|Any CPU.Build.0 = Debug|Any CPU
		{498B97E8-F41B-431B-A3C6-C3992D6F80D7}.Debug|Itanium.ActiveCfg = Debug|Itanium
		{498B97E8-F41B-431B-A3C6-C3992D6F80D7}.Debug|Itanium.Build.0 = Debug|Itanium
		{498B97E8-F41B-431B-A3C6-C3992D6F80D7}.Debug|Mixed Platforms.ActiveCfg = Debug|Itanium
		{498B97E8-F41B-431B-A3C6-C3992D6F80D7}.Debug|Mixed Platforms.Build.0 = Debug|Itanium
		{498B97E8-F41B-431B-A3C6-C3992D6F80D7}.Debug|x64.ActiveCfg = Debug|x86
		{498B97E8-F41B-431B-A3C6-C3992D6F80D7}.Debug|x86.ActiveCfg = Debug|x86
		{498B97E8-F41B-431B-A3C6-C3992D6F80D7}.Release|Any CPU.ActiveCfg = Release|Any CPU
		{498B97E8-F41B-431B-A3C6-C3992D6F80D7}.Release|Any CPU.Build.0 = Release|Any CPU
		{498B97E8-F41B-431B-A3C6-C3992D6F80D7}.Release|Itanium.ActiveCfg = Release|Itanium
		{498B97E8-F41B-431B-A3C6-C3992D6F80D7}.Release|Itanium.Build.0 = Release|Itanium
		{498B97E8-F41B-431B-A3C6-C3992D6F80D7}.Release|Mixed Platforms.ActiveCfg = Release|Itanium
		{498B97E8-F41B-431B-A3C6-C3992D6F80D7}.Release|Mixed Platforms.Build.0 = Release|Itanium
		{498B97E8-F41B-431B-A3C6-C3992D6F80D7}.Release|x64.ActiveCfg = Release|x86
		{498B97E8-F41B-431B-A3C6-C3992D6F80D7}.Release|x86.ActiveCfg = Release|x86
		{498B97E8-F41B-431B-A3C6-C3992D6F80D7}.Release|x86.Build.0 = Release|x86
		{4EE34F1E-7845-4E04-9A0B-05F77BF161F1}.Debug|Any CPU.ActiveCfg = Debug|Any CPU
		{4EE34F1E-7845-4E04-9A0B-05F77BF161F1}.Debug|Any CPU.Build.0 = Debug|Any CPU
		{4EE34F1E-7845-4E04-9A0B-05F77BF161F1}.Debug|Itanium.ActiveCfg = Debug|Itanium
		{4EE34F1E-7845-4E04-9A0B-05F77BF161F1}.Debug|Itanium.Build.0 = Debug|Itanium
		{4EE34F1E-7845-4E04-9A0B-05F77BF161F1}.Debug|Mixed Platforms.ActiveCfg = Debug|Itanium
		{4EE34F1E-7845-4E04-9A0B-05F77BF161F1}.Debug|Mixed Platforms.Build.0 = Debug|Itanium
		{4EE34F1E-7845-4E04-9A0B-05F77BF161F1}.Debug|x64.ActiveCfg = Debug|x86
		{4EE34F1E-7845-4E04-9A0B-05F77BF161F1}.Debug|x86.ActiveCfg = Debug|x86
		{4EE34F1E-7845-4E04-9A0B-05F77BF161F1}.Release|Any CPU.ActiveCfg = Release|Any CPU
		{4EE34F1E-7845-4E04-9A0B-05F77BF161F1}.Release|Any CPU.Build.0 = Release|Any CPU
		{4EE34F1E-7845-4E04-9A0B-05F77BF161F1}.Release|Itanium.ActiveCfg = Release|Itanium
		{4EE34F1E-7845-4E04-9A0B-05F77BF161F1}.Release|Itanium.Build.0 = Release|Itanium
		{4EE34F1E-7845-4E04-9A0B-05F77BF161F1}.Release|Mixed Platforms.ActiveCfg = Release|Itanium
		{4EE34F1E-7845-4E04-9A0B-05F77BF161F1}.Release|Mixed Platforms.Build.0 = Release|Itanium
		{4EE34F1E-7845-4E04-9A0B-05F77BF161F1}.Release|x64.ActiveCfg = Release|x86
		{4EE34F1E-7845-4E04-9A0B-05F77BF161F1}.Release|x86.ActiveCfg = Release|x86
		{4EE34F1E-7845-4E04-9A0B-05F77BF161F1}.Release|x86.Build.0 = Release|x86
		{9684200D-E926-4030-961B-B3DD95C8C1D0}.Debug|Any CPU.ActiveCfg = Debug|Any CPU
		{9684200D-E926-4030-961B-B3DD95C8C1D0}.Debug|Any CPU.Build.0 = Debug|Any CPU
		{9684200D-E926-4030-961B-B3DD95C8C1D0}.Debug|Itanium.ActiveCfg = Debug|Itanium
		{9684200D-E926-4030-961B-B3DD95C8C1D0}.Debug|Itanium.Build.0 = Debug|Itanium
		{9684200D-E926-4030-961B-B3DD95C8C1D0}.Debug|Mixed Platforms.ActiveCfg = Debug|Itanium
		{9684200D-E926-4030-961B-B3DD95C8C1D0}.Debug|Mixed Platforms.Build.0 = Debug|Itanium
		{9684200D-E926-4030-961B-B3DD95C8C1D0}.Debug|x64.ActiveCfg = Debug|x86
		{9684200D-E926-4030-961B-B3DD95C8C1D0}.Debug|x86.ActiveCfg = Debug|x86
		{9684200D-E926-4030-961B-B3DD95C8C1D0}.Release|Any CPU.ActiveCfg = Release|Any CPU
		{9684200D-E926-4030-961B-B3DD95C8C1D0}.Release|Any CPU.Build.0 = Release|Any CPU
		{9684200D-E926-4030-961B-B3DD95C8C1D0}.Release|Itanium.ActiveCfg = Release|Itanium
		{9684200D-E926-4030-961B-B3DD95C8C1D0}.Release|Itanium.Build.0 = Release|Itanium
		{9684200D-E926-4030-961B-B3DD95C8C1D0}.Release|Mixed Platforms.ActiveCfg = Release|Itanium
		{9684200D-E926-4030-961B-B3DD95C8C1D0}.Release|Mixed Platforms.Build.0 = Release|Itanium
		{9684200D-E926-4030-961B-B3DD95C8C1D0}.Release|x64.ActiveCfg = Release|x86
		{9684200D-E926-4030-961B-B3DD95C8C1D0}.Release|x86.ActiveCfg = Release|x86
		{9684200D-E926-4030-961B-B3DD95C8C1D0}.Release|x86.Build.0 = Release|x86
		{3E3E937E-1033-46FB-AE7E-8D6F132900A2}.Debug|Any CPU.ActiveCfg = Debug
		{3E3E937E-1033-46FB-AE7E-8D6F132900A2}.Debug|Any CPU.Build.0 = Debug
		{3E3E937E-1033-46FB-AE7E-8D6F132900A2}.Debug|Itanium.ActiveCfg = Debug
		{3E3E937E-1033-46FB-AE7E-8D6F132900A2}.Debug|Itanium.Build.0 = Debug
		{3E3E937E-1033-46FB-AE7E-8D6F132900A2}.Debug|Mixed Platforms.ActiveCfg = Debug
		{3E3E937E-1033-46FB-AE7E-8D6F132900A2}.Debug|Mixed Platforms.Build.0 = Debug
		{3E3E937E-1033-46FB-AE7E-8D6F132900A2}.Debug|x64.ActiveCfg = Debug
		{3E3E937E-1033-46FB-AE7E-8D6F132900A2}.Debug|x64.Build.0 = Debug
		{3E3E937E-1033-46FB-AE7E-8D6F132900A2}.Debug|x86.ActiveCfg = Debug
		{3E3E937E-1033-46FB-AE7E-8D6F132900A2}.Release|Any CPU.ActiveCfg = Release
		{3E3E937E-1033-46FB-AE7E-8D6F132900A2}.Release|Any CPU.Build.0 = Release
		{3E3E937E-1033-46FB-AE7E-8D6F132900A2}.Release|Itanium.ActiveCfg = Release
		{3E3E937E-1033-46FB-AE7E-8D6F132900A2}.Release|Itanium.Build.0 = Release
		{3E3E937E-1033-46FB-AE7E-8D6F132900A2}.Release|Mixed Platforms.ActiveCfg = Release
		{3E3E937E-1033-46FB-AE7E-8D6F132900A2}.Release|Mixed Platforms.Build.0 = Release
		{3E3E937E-1033-46FB-AE7E-8D6F132900A2}.Release|x64.ActiveCfg = Release
		{3E3E937E-1033-46FB-AE7E-8D6F132900A2}.Release|x64.Build.0 = Release
		{3E3E937E-1033-46FB-AE7E-8D6F132900A2}.Release|x86.ActiveCfg = Release
		{3E3E937E-1033-46FB-AE7E-8D6F132900A2}.Release|x86.Build.0 = Release
		{0CC171BA-E0D1-4161-B9D2-753BECCFE68E}.Debug|Any CPU.ActiveCfg = Debug|Any CPU
		{0CC171BA-E0D1-4161-B9D2-753BECCFE68E}.Debug|Any CPU.Build.0 = Debug|Any CPU
		{0CC171BA-E0D1-4161-B9D2-753BECCFE68E}.Debug|Itanium.ActiveCfg = Debug|Any CPU
		{0CC171BA-E0D1-4161-B9D2-753BECCFE68E}.Debug|Mixed Platforms.ActiveCfg = Debug|Any CPU
		{0CC171BA-E0D1-4161-B9D2-753BECCFE68E}.Debug|Mixed Platforms.Build.0 = Debug|Any CPU
		{0CC171BA-E0D1-4161-B9D2-753BECCFE68E}.Debug|x64.ActiveCfg = Debug|Any CPU
		{0CC171BA-E0D1-4161-B9D2-753BECCFE68E}.Debug|x86.ActiveCfg = Debug|x86
		{0CC171BA-E0D1-4161-B9D2-753BECCFE68E}.Debug|x86.Build.0 = Debug|x86
		{0CC171BA-E0D1-4161-B9D2-753BECCFE68E}.Release|Any CPU.ActiveCfg = Release|Any CPU
		{0CC171BA-E0D1-4161-B9D2-753BECCFE68E}.Release|Any CPU.Build.0 = Release|Any CPU
		{0CC171BA-E0D1-4161-B9D2-753BECCFE68E}.Release|Itanium.ActiveCfg = Release|Any CPU
		{0CC171BA-E0D1-4161-B9D2-753BECCFE68E}.Release|Mixed Platforms.ActiveCfg = Release|Any CPU
		{0CC171BA-E0D1-4161-B9D2-753BECCFE68E}.Release|Mixed Platforms.Build.0 = Release|Any CPU
		{0CC171BA-E0D1-4161-B9D2-753BECCFE68E}.Release|x64.ActiveCfg = Release|Any CPU
		{0CC171BA-E0D1-4161-B9D2-753BECCFE68E}.Release|x86.ActiveCfg = Release|Any CPU
		{298A1DE8-5543-4483-80C0-210C689D84BC}.Debug|Any CPU.ActiveCfg = Debug|Any CPU
		{298A1DE8-5543-4483-80C0-210C689D84BC}.Debug|Any CPU.Build.0 = Debug|Any CPU
		{298A1DE8-5543-4483-80C0-210C689D84BC}.Debug|Itanium.ActiveCfg = Debug|Itanium
		{298A1DE8-5543-4483-80C0-210C689D84BC}.Debug|Itanium.Build.0 = Debug|Itanium
		{298A1DE8-5543-4483-80C0-210C689D84BC}.Debug|Mixed Platforms.ActiveCfg = Debug|Itanium
		{298A1DE8-5543-4483-80C0-210C689D84BC}.Debug|Mixed Platforms.Build.0 = Debug|Itanium
		{298A1DE8-5543-4483-80C0-210C689D84BC}.Debug|x64.ActiveCfg = Debug|x86
		{298A1DE8-5543-4483-80C0-210C689D84BC}.Debug|x86.ActiveCfg = Debug|x86
		{298A1DE8-5543-4483-80C0-210C689D84BC}.Debug|x86.Build.0 = Debug|x86
		{298A1DE8-5543-4483-80C0-210C689D84BC}.Release|Any CPU.ActiveCfg = Release|Any CPU
		{298A1DE8-5543-4483-80C0-210C689D84BC}.Release|Any CPU.Build.0 = Release|Any CPU
		{298A1DE8-5543-4483-80C0-210C689D84BC}.Release|Itanium.ActiveCfg = Release|Itanium
		{298A1DE8-5543-4483-80C0-210C689D84BC}.Release|Itanium.Build.0 = Release|Itanium
		{298A1DE8-5543-4483-80C0-210C689D84BC}.Release|Mixed Platforms.ActiveCfg = Release|Itanium
		{298A1DE8-5543-4483-80C0-210C689D84BC}.Release|Mixed Platforms.Build.0 = Release|Itanium
		{298A1DE8-5543-4483-80C0-210C689D84BC}.Release|x64.ActiveCfg = Release|x86
		{298A1DE8-5543-4483-80C0-210C689D84BC}.Release|x86.ActiveCfg = Release|x86
		{298A1DE8-5543-4483-80C0-210C689D84BC}.Release|x86.Build.0 = Release|x86
		{D1C25141-2BFC-4609-97C1-A1C15AE30A38}.Debug|Any CPU.ActiveCfg = Debug|Any CPU
		{D1C25141-2BFC-4609-97C1-A1C15AE30A38}.Debug|Any CPU.Build.0 = Debug|Any CPU
		{D1C25141-2BFC-4609-97C1-A1C15AE30A38}.Debug|Itanium.ActiveCfg = Debug|Any CPU
		{D1C25141-2BFC-4609-97C1-A1C15AE30A38}.Debug|Mixed Platforms.ActiveCfg = Debug|Any CPU
		{D1C25141-2BFC-4609-97C1-A1C15AE30A38}.Debug|Mixed Platforms.Build.0 = Debug|Any CPU
		{D1C25141-2BFC-4609-97C1-A1C15AE30A38}.Debug|x64.ActiveCfg = Debug|Any CPU
		{D1C25141-2BFC-4609-97C1-A1C15AE30A38}.Debug|x86.ActiveCfg = Debug|Any CPU
		{D1C25141-2BFC-4609-97C1-A1C15AE30A38}.Release|Any CPU.ActiveCfg = Release|Any CPU
		{D1C25141-2BFC-4609-97C1-A1C15AE30A38}.Release|Any CPU.Build.0 = Release|Any CPU
		{D1C25141-2BFC-4609-97C1-A1C15AE30A38}.Release|Itanium.ActiveCfg = Release|Any CPU
		{D1C25141-2BFC-4609-97C1-A1C15AE30A38}.Release|Mixed Platforms.ActiveCfg = Release|Any CPU
		{D1C25141-2BFC-4609-97C1-A1C15AE30A38}.Release|Mixed Platforms.Build.0 = Release|Any CPU
		{D1C25141-2BFC-4609-97C1-A1C15AE30A38}.Release|x64.ActiveCfg = Release|Any CPU
		{D1C25141-2BFC-4609-97C1-A1C15AE30A38}.Release|x86.ActiveCfg = Release|Any CPU
		{B211E001-842A-4974-9D96-8B646C0BEE9B}.Debug|Any CPU.ActiveCfg = Debug|Any CPU
		{B211E001-842A-4974-9D96-8B646C0BEE9B}.Debug|Any CPU.Build.0 = Debug|Any CPU
		{B211E001-842A-4974-9D96-8B646C0BEE9B}.Debug|Itanium.ActiveCfg = Debug|Any CPU
		{B211E001-842A-4974-9D96-8B646C0BEE9B}.Debug|Mixed Platforms.ActiveCfg = Debug|Any CPU
		{B211E001-842A-4974-9D96-8B646C0BEE9B}.Debug|Mixed Platforms.Build.0 = Debug|Any CPU
		{B211E001-842A-4974-9D96-8B646C0BEE9B}.Debug|x64.ActiveCfg = Debug|Any CPU
		{B211E001-842A-4974-9D96-8B646C0BEE9B}.Debug|x86.ActiveCfg = Debug|Any CPU
		{B211E001-842A-4974-9D96-8B646C0BEE9B}.Release|Any CPU.ActiveCfg = Release|Any CPU
		{B211E001-842A-4974-9D96-8B646C0BEE9B}.Release|Any CPU.Build.0 = Release|Any CPU
		{B211E001-842A-4974-9D96-8B646C0BEE9B}.Release|Itanium.ActiveCfg = Release|Any CPU
		{B211E001-842A-4974-9D96-8B646C0BEE9B}.Release|Mixed Platforms.ActiveCfg = Release|Any CPU
		{B211E001-842A-4974-9D96-8B646C0BEE9B}.Release|Mixed Platforms.Build.0 = Release|Any CPU
		{B211E001-842A-4974-9D96-8B646C0BEE9B}.Release|x64.ActiveCfg = Release|Any CPU
		{B211E001-842A-4974-9D96-8B646C0BEE9B}.Release|x86.ActiveCfg = Release|Any CPU
		{15324437-37A0-4FF0-B324-7D24C45AE5E6}.Debug|Any CPU.ActiveCfg = Debug|Any CPU
		{15324437-37A0-4FF0-B324-7D24C45AE5E6}.Debug|Any CPU.Build.0 = Debug|Any CPU
		{15324437-37A0-4FF0-B324-7D24C45AE5E6}.Debug|Itanium.ActiveCfg = Debug|Itanium
		{15324437-37A0-4FF0-B324-7D24C45AE5E6}.Debug|Itanium.Build.0 = Debug|Itanium
		{15324437-37A0-4FF0-B324-7D24C45AE5E6}.Debug|Mixed Platforms.ActiveCfg = Debug|Itanium
		{15324437-37A0-4FF0-B324-7D24C45AE5E6}.Debug|Mixed Platforms.Build.0 = Debug|Itanium
		{15324437-37A0-4FF0-B324-7D24C45AE5E6}.Debug|x64.ActiveCfg = Debug|x86
		{15324437-37A0-4FF0-B324-7D24C45AE5E6}.Debug|x86.ActiveCfg = Debug|x86
		{15324437-37A0-4FF0-B324-7D24C45AE5E6}.Debug|x86.Build.0 = Debug|x86
		{15324437-37A0-4FF0-B324-7D24C45AE5E6}.Release|Any CPU.ActiveCfg = Release|Any CPU
		{15324437-37A0-4FF0-B324-7D24C45AE5E6}.Release|Any CPU.Build.0 = Release|Any CPU
		{15324437-37A0-4FF0-B324-7D24C45AE5E6}.Release|Itanium.ActiveCfg = Release|Itanium
		{15324437-37A0-4FF0-B324-7D24C45AE5E6}.Release|Itanium.Build.0 = Release|Itanium
		{15324437-37A0-4FF0-B324-7D24C45AE5E6}.Release|Mixed Platforms.ActiveCfg = Release|Itanium
		{15324437-37A0-4FF0-B324-7D24C45AE5E6}.Release|Mixed Platforms.Build.0 = Release|Itanium
		{15324437-37A0-4FF0-B324-7D24C45AE5E6}.Release|x64.ActiveCfg = Release|x86
		{15324437-37A0-4FF0-B324-7D24C45AE5E6}.Release|x86.ActiveCfg = Release|x86
		{15324437-37A0-4FF0-B324-7D24C45AE5E6}.Release|x86.Build.0 = Release|x86
		{0A9C7BC6-F572-43A1-84A8-FCEA5C4D3E77}.Debug|Any CPU.ActiveCfg = Debug|x86
		{0A9C7BC6-F572-43A1-84A8-FCEA5C4D3E77}.Debug|Itanium.ActiveCfg = Debug|x86
		{0A9C7BC6-F572-43A1-84A8-FCEA5C4D3E77}.Debug|Mixed Platforms.ActiveCfg = Debug|x86
		{0A9C7BC6-F572-43A1-84A8-FCEA5C4D3E77}.Debug|Mixed Platforms.Build.0 = Debug|x86
		{0A9C7BC6-F572-43A1-84A8-FCEA5C4D3E77}.Debug|x64.ActiveCfg = Debug|x64
		{0A9C7BC6-F572-43A1-84A8-FCEA5C4D3E77}.Debug|x64.Build.0 = Debug|x64
		{0A9C7BC6-F572-43A1-84A8-FCEA5C4D3E77}.Debug|x86.ActiveCfg = Debug|x86
		{0A9C7BC6-F572-43A1-84A8-FCEA5C4D3E77}.Debug|x86.Build.0 = Debug|x86
		{0A9C7BC6-F572-43A1-84A8-FCEA5C4D3E77}.Release|Any CPU.ActiveCfg = Release|x86
		{0A9C7BC6-F572-43A1-84A8-FCEA5C4D3E77}.Release|Itanium.ActiveCfg = Release|x86
		{0A9C7BC6-F572-43A1-84A8-FCEA5C4D3E77}.Release|Mixed Platforms.ActiveCfg = Release|x86
		{0A9C7BC6-F572-43A1-84A8-FCEA5C4D3E77}.Release|Mixed Platforms.Build.0 = Release|x86
		{0A9C7BC6-F572-43A1-84A8-FCEA5C4D3E77}.Release|x64.ActiveCfg = Release|x64
		{0A9C7BC6-F572-43A1-84A8-FCEA5C4D3E77}.Release|x64.Build.0 = Release|x64
		{0A9C7BC6-F572-43A1-84A8-FCEA5C4D3E77}.Release|x86.ActiveCfg = Release|x86
		{0A9C7BC6-F572-43A1-84A8-FCEA5C4D3E77}.Release|x86.Build.0 = Release|x86
		{B73D647B-486E-477C-A06A-9834EDA08BD2}.Debug|Any CPU.ActiveCfg = Debug|Any CPU
		{B73D647B-486E-477C-A06A-9834EDA08BD2}.Debug|Any CPU.Build.0 = Debug|Any CPU
		{B73D647B-486E-477C-A06A-9834EDA08BD2}.Debug|Itanium.ActiveCfg = Debug|Any CPU
		{B73D647B-486E-477C-A06A-9834EDA08BD2}.Debug|Mixed Platforms.ActiveCfg = Debug|Any CPU
		{B73D647B-486E-477C-A06A-9834EDA08BD2}.Debug|Mixed Platforms.Build.0 = Debug|Any CPU
		{B73D647B-486E-477C-A06A-9834EDA08BD2}.Debug|x64.ActiveCfg = Debug|Any CPU
		{B73D647B-486E-477C-A06A-9834EDA08BD2}.Debug|x86.ActiveCfg = Debug|Any CPU
		{B73D647B-486E-477C-A06A-9834EDA08BD2}.Debug|x86.Build.0 = Debug|Any CPU
		{B73D647B-486E-477C-A06A-9834EDA08BD2}.Release|Any CPU.ActiveCfg = Release|Any CPU
		{B73D647B-486E-477C-A06A-9834EDA08BD2}.Release|Any CPU.Build.0 = Release|Any CPU
		{B73D647B-486E-477C-A06A-9834EDA08BD2}.Release|Itanium.ActiveCfg = Release|Any CPU
		{B73D647B-486E-477C-A06A-9834EDA08BD2}.Release|Mixed Platforms.ActiveCfg = Release|Any CPU
		{B73D647B-486E-477C-A06A-9834EDA08BD2}.Release|Mixed Platforms.Build.0 = Release|Any CPU
		{B73D647B-486E-477C-A06A-9834EDA08BD2}.Release|x64.ActiveCfg = Release|Any CPU
		{B73D647B-486E-477C-A06A-9834EDA08BD2}.Release|x86.ActiveCfg = Release|Any CPU
		{F4F3A30E-4A20-4A05-8FFF-A89BF82772AC}.Debug|Any CPU.ActiveCfg = Debug|Any CPU
		{F4F3A30E-4A20-4A05-8FFF-A89BF82772AC}.Debug|Any CPU.Build.0 = Debug|Any CPU
		{F4F3A30E-4A20-4A05-8FFF-A89BF82772AC}.Debug|Itanium.ActiveCfg = Debug|Itanium
		{F4F3A30E-4A20-4A05-8FFF-A89BF82772AC}.Debug|Itanium.Build.0 = Debug|Itanium
		{F4F3A30E-4A20-4A05-8FFF-A89BF82772AC}.Debug|Mixed Platforms.ActiveCfg = Debug|Itanium
		{F4F3A30E-4A20-4A05-8FFF-A89BF82772AC}.Debug|Mixed Platforms.Build.0 = Debug|Itanium
		{F4F3A30E-4A20-4A05-8FFF-A89BF82772AC}.Debug|x64.ActiveCfg = Debug|x86
		{F4F3A30E-4A20-4A05-8FFF-A89BF82772AC}.Debug|x86.ActiveCfg = Debug|x86
		{F4F3A30E-4A20-4A05-8FFF-A89BF82772AC}.Debug|x86.Build.0 = Debug|x86
		{F4F3A30E-4A20-4A05-8FFF-A89BF82772AC}.Release|Any CPU.ActiveCfg = Release|Any CPU
		{F4F3A30E-4A20-4A05-8FFF-A89BF82772AC}.Release|Any CPU.Build.0 = Release|Any CPU
		{F4F3A30E-4A20-4A05-8FFF-A89BF82772AC}.Release|Itanium.ActiveCfg = Release|Itanium
		{F4F3A30E-4A20-4A05-8FFF-A89BF82772AC}.Release|Itanium.Build.0 = Release|Itanium
		{F4F3A30E-4A20-4A05-8FFF-A89BF82772AC}.Release|Mixed Platforms.ActiveCfg = Release|Itanium
		{F4F3A30E-4A20-4A05-8FFF-A89BF82772AC}.Release|Mixed Platforms.Build.0 = Release|Itanium
		{F4F3A30E-4A20-4A05-8FFF-A89BF82772AC}.Release|x64.ActiveCfg = Release|x86
		{F4F3A30E-4A20-4A05-8FFF-A89BF82772AC}.Release|x86.ActiveCfg = Release|x86
		{F4F3A30E-4A20-4A05-8FFF-A89BF82772AC}.Release|x86.Build.0 = Release|x86
	EndGlobalSection
	GlobalSection(SolutionProperties) = preSolution
		HideSolutionNode = FALSE
	EndGlobalSection
EndGlobal
